// !$*UTF8*$!
{
	archiveVersion = 1;
	classes = {
	};
	objectVersion = 46;
	objects = {

/* Begin PBXBuildFile section */
		4926D17F1A0DD635008F68A9 /* CommonUtils.m in Sources */ = {isa = PBXBuildFile; fileRef = 4926D17E1A0DD635008F68A9 /* CommonUtils.m */; };
		4926D1821A0E09EB008F68A9 /* BVReorderTableView.m in Sources */ = {isa = PBXBuildFile; fileRef = 4926D1811A0E09EB008F68A9 /* BVReorderTableView.m */; };
		49CA93AF1A0CE9020069BABB /* TodoInputView.m in Sources */ = {isa = PBXBuildFile; fileRef = 49CA93AE1A0CE9020069BABB /* TodoInputView.m */; };
		49CA93B11A0CE91D0069BABB /* TodoInputView.xib in Resources */ = {isa = PBXBuildFile; fileRef = 49CA93B01A0CE91D0069BABB /* TodoInputView.xib */; };
		FA171B741A109919000DF159 /* SettingsViewController.m in Sources */ = {isa = PBXBuildFile; fileRef = FA171B731A109919000DF159 /* SettingsViewController.m */; };
		FA3435E81AF5030B00D225BC /* InterfaceController.m in Sources */ = {isa = PBXBuildFile; fileRef = FA3435E71AF5030B00D225BC /* InterfaceController.m */; };
		FA3435EB1AF5030B00D225BC /* GlanceController.m in Sources */ = {isa = PBXBuildFile; fileRef = FA3435EA1AF5030B00D225BC /* GlanceController.m */; };
		FA3435ED1AF5030B00D225BC /* Images.xcassets in Resources */ = {isa = PBXBuildFile; fileRef = FA3435EC1AF5030B00D225BC /* Images.xcassets */; };
		FA3435F11AF5030B00D225BC /* Todotrix WatchKit App.app in Resources */ = {isa = PBXBuildFile; fileRef = FA3435F01AF5030B00D225BC /* Todotrix WatchKit App.app */; };
		FA3435F91AF5030C00D225BC /* Interface.storyboard in Resources */ = {isa = PBXBuildFile; fileRef = FA3435F71AF5030C00D225BC /* Interface.storyboard */; };
		FA3435FB1AF5030C00D225BC /* WatchImages.xcassets in Resources */ = {isa = PBXBuildFile; fileRef = FA3435FA1AF5030C00D225BC /* WatchImages.xcassets */; };
		FA3435FE1AF5030C00D225BC /* Todotrix WatchKit Extension.appex in Embed App Extensions */ = {isa = PBXBuildFile; fileRef = FA3435E21AF5030B00D225BC /* Todotrix WatchKit Extension.appex */; settings = {ATTRIBUTES = (RemoveHeadersOnCopy, ); }; };
		FA3436051AF5079700D225BC /* TodoService.m in Sources */ = {isa = PBXBuildFile; fileRef = FA492C621A0CB1A50030FE27 /* TodoService.m */; };
		FA3436081AF50A3B00D225BC /* SecondInterfaceController.m in Sources */ = {isa = PBXBuildFile; fileRef = FA3436071AF50A3B00D225BC /* SecondInterfaceController.m */; };
		FA34360B1AF50A4D00D225BC /* ThirdInterfaceController.m in Sources */ = {isa = PBXBuildFile; fileRef = FA34360A1AF50A4D00D225BC /* ThirdInterfaceController.m */; };
		FA34360C1AF50E4700D225BC /* CommonUtils.m in Sources */ = {isa = PBXBuildFile; fileRef = 4926D17E1A0DD635008F68A9 /* CommonUtils.m */; };
		FA3D24CF1A15A3E5003A590E /* libz.dylib in Frameworks */ = {isa = PBXBuildFile; fileRef = FA3D24CE1A15A3E5003A590E /* libz.dylib */; };
		FA3D24D41A15A431003A590E /* libMobClickLibrary.a in Frameworks */ = {isa = PBXBuildFile; fileRef = FA3D24D11A15A431003A590E /* libMobClickLibrary.a */; };
		FA444F7B1ACEE4D400DFCDD0 /* FontChooserViewController.m in Sources */ = {isa = PBXBuildFile; fileRef = FA444F7A1ACEE4D400DFCDD0 /* FontChooserViewController.m */; };
		FA492C251A0CB1890030FE27 /* main.m in Sources */ = {isa = PBXBuildFile; fileRef = FA492C241A0CB1890030FE27 /* main.m */; };
		FA492C301A0CB1890030FE27 /* Images.xcassets in Resources */ = {isa = PBXBuildFile; fileRef = FA492C2F1A0CB1890030FE27 /* Images.xcassets */; };
		FA492C671A0CB1A50030FE27 /* AppDelegate.m in Sources */ = {isa = PBXBuildFile; fileRef = FA492C491A0CB1A50030FE27 /* AppDelegate.m */; };
		FA492C691A0CB1A50030FE27 /* LTPopButton.m in Sources */ = {isa = PBXBuildFile; fileRef = FA492C4D1A0CB1A50030FE27 /* LTPopButton.m */; };
		FA492C6E1A0CB1A50030FE27 /* Settings.m in Sources */ = {isa = PBXBuildFile; fileRef = FA492C571A0CB1A50030FE27 /* Settings.m */; };
		FA492C6F1A0CB1A50030FE27 /* TodoAreaView.m in Sources */ = {isa = PBXBuildFile; fileRef = FA492C591A0CB1A50030FE27 /* TodoAreaView.m */; };
		FA492C701A0CB1A50030FE27 /* TodoAreaView.xib in Resources */ = {isa = PBXBuildFile; fileRef = FA492C5A1A0CB1A50030FE27 /* TodoAreaView.xib */; };
		FA492C711A0CB1A50030FE27 /* TodoCell.m in Sources */ = {isa = PBXBuildFile; fileRef = FA492C5C1A0CB1A50030FE27 /* TodoCell.m */; };
		FA492C721A0CB1A50030FE27 /* TodoListViewController.m in Sources */ = {isa = PBXBuildFile; fileRef = FA492C5E1A0CB1A50030FE27 /* TodoListViewController.m */; };
		FA492C731A0CB1A50030FE27 /* TodoListViewTransition.m in Sources */ = {isa = PBXBuildFile; fileRef = FA492C601A0CB1A50030FE27 /* TodoListViewTransition.m */; };
		FA492C741A0CB1A50030FE27 /* TodoService.m in Sources */ = {isa = PBXBuildFile; fileRef = FA492C621A0CB1A50030FE27 /* TodoService.m */; };
		FA492C751A0CB1A50030FE27 /* TodoTypeLabel.m in Sources */ = {isa = PBXBuildFile; fileRef = FA492C641A0CB1A50030FE27 /* TodoTypeLabel.m */; };
		FA492C761A0CB1A50030FE27 /* ViewController.m in Sources */ = {isa = PBXBuildFile; fileRef = FA492C661A0CB1A50030FE27 /* ViewController.m */; };
		FA492C7D1A0CB5570030FE27 /* LaunchScreen.xib in Resources */ = {isa = PBXBuildFile; fileRef = FA492C7B1A0CB5570030FE27 /* LaunchScreen.xib */; };
		FA492C7E1A0CB5570030FE27 /* Main.storyboard in Resources */ = {isa = PBXBuildFile; fileRef = FA492C7C1A0CB5570030FE27 /* Main.storyboard */; };
		FA88CA381A1450780044EBE1 /* NotificationCenter.framework in Frameworks */ = {isa = PBXBuildFile; fileRef = FA88CA371A1450780044EBE1 /* NotificationCenter.framework */; };
		FA88CA3E1A1450780044EBE1 /* TodayViewController.m in Sources */ = {isa = PBXBuildFile; fileRef = FA88CA3D1A1450780044EBE1 /* TodayViewController.m */; };
		FA88CA401A1450780044EBE1 /* MainInterface.storyboard in Resources */ = {isa = PBXBuildFile; fileRef = FA88CA3F1A1450780044EBE1 /* MainInterface.storyboard */; };
		FA88CA431A1450780044EBE1 /* Todotrix.appex in Embed App Extensions */ = {isa = PBXBuildFile; fileRef = FA88CA351A1450780044EBE1 /* Todotrix.appex */; settings = {ATTRIBUTES = (RemoveHeadersOnCopy, ); }; };
		FA9DFD5E1A149DA10010EFA3 /* CommonUtils.m in Sources */ = {isa = PBXBuildFile; fileRef = 4926D17E1A0DD635008F68A9 /* CommonUtils.m */; };
		FAAD8EBB1A14B40B004D00C7 /* TodoTypeLabel.m in Sources */ = {isa = PBXBuildFile; fileRef = FA492C641A0CB1A50030FE27 /* TodoTypeLabel.m */; };
		FADCE5FE1A14A1D400003D05 /* Images.xcassets in Resources */ = {isa = PBXBuildFile; fileRef = FA492C2F1A0CB1890030FE27 /* Images.xcassets */; };
		FAE26F281A145AD500D19D48 /* TodoService.m in Sources */ = {isa = PBXBuildFile; fileRef = FA492C621A0CB1A50030FE27 /* TodoService.m */; };
		FAE26F291A145B1100D19D48 /* Settings.m in Sources */ = {isa = PBXBuildFile; fileRef = FA492C571A0CB1A50030FE27 /* Settings.m */; };
/* End PBXBuildFile section */

/* Begin PBXContainerItemProxy section */
		FA3435F21AF5030B00D225BC /* PBXContainerItemProxy */ = {
			isa = PBXContainerItemProxy;
			containerPortal = FA492C171A0CB1890030FE27 /* Project object */;
			proxyType = 1;
			remoteGlobalIDString = FA3435EF1AF5030B00D225BC;
			remoteInfo = "Todotrix WatchKit App";
		};
		FA3435FC1AF5030C00D225BC /* PBXContainerItemProxy */ = {
			isa = PBXContainerItemProxy;
			containerPortal = FA492C171A0CB1890030FE27 /* Project object */;
			proxyType = 1;
			remoteGlobalIDString = FA3435E11AF5030B00D225BC;
			remoteInfo = "Todotrix WatchKit Extension";
		};
		FA88CA411A1450780044EBE1 /* PBXContainerItemProxy */ = {
			isa = PBXContainerItemProxy;
			containerPortal = FA492C171A0CB1890030FE27 /* Project object */;
			proxyType = 1;
			remoteGlobalIDString = FA88CA341A1450780044EBE1;
			remoteInfo = TodoExtenstion;
		};
/* End PBXContainerItemProxy section */

/* Begin PBXCopyFilesBuildPhase section */
		FA88CA471A1450780044EBE1 /* Embed App Extensions */ = {
			isa = PBXCopyFilesBuildPhase;
			buildActionMask = 12;
			dstPath = "";
			dstSubfolderSpec = 13;
			files = (
				FA3435FE1AF5030C00D225BC /* Todotrix WatchKit Extension.appex in Embed App Extensions */,
				FA88CA431A1450780044EBE1 /* Todotrix.appex in Embed App Extensions */,
			);
			name = "Embed App Extensions";
			runOnlyForDeploymentPostprocessing = 0;
		};
/* End PBXCopyFilesBuildPhase section */

/* Begin PBXFileReference section */
		4926D17D1A0DD634008F68A9 /* CommonUtils.h */ = {isa = PBXFileReference; fileEncoding = 4; lastKnownFileType = sourcecode.c.h; path = CommonUtils.h; sourceTree = "<group>"; };
		4926D17E1A0DD635008F68A9 /* CommonUtils.m */ = {isa = PBXFileReference; fileEncoding = 4; lastKnownFileType = sourcecode.c.objc; path = CommonUtils.m; sourceTree = "<group>"; };
		4926D1801A0E09EB008F68A9 /* BVReorderTableView.h */ = {isa = PBXFileReference; fileEncoding = 4; lastKnownFileType = sourcecode.c.h; path = BVReorderTableView.h; sourceTree = "<group>"; };
		4926D1811A0E09EB008F68A9 /* BVReorderTableView.m */ = {isa = PBXFileReference; fileEncoding = 4; lastKnownFileType = sourcecode.c.objc; path = BVReorderTableView.m; sourceTree = "<group>"; };
		49CA93AD1A0CE9020069BABB /* TodoInputView.h */ = {isa = PBXFileReference; fileEncoding = 4; lastKnownFileType = sourcecode.c.h; path = TodoInputView.h; sourceTree = "<group>"; };
		49CA93AE1A0CE9020069BABB /* TodoInputView.m */ = {isa = PBXFileReference; fileEncoding = 4; lastKnownFileType = sourcecode.c.objc; path = TodoInputView.m; sourceTree = "<group>"; };
		49CA93B01A0CE91D0069BABB /* TodoInputView.xib */ = {isa = PBXFileReference; fileEncoding = 4; lastKnownFileType = file.xib; path = TodoInputView.xib; sourceTree = "<group>"; };
		FA171B721A109919000DF159 /* SettingsViewController.h */ = {isa = PBXFileReference; fileEncoding = 4; lastKnownFileType = sourcecode.c.h; path = SettingsViewController.h; sourceTree = "<group>"; };
		FA171B731A109919000DF159 /* SettingsViewController.m */ = {isa = PBXFileReference; fileEncoding = 4; lastKnownFileType = sourcecode.c.objc; path = SettingsViewController.m; sourceTree = "<group>"; };
		FA3435E21AF5030B00D225BC /* Todotrix WatchKit Extension.appex */ = {isa = PBXFileReference; explicitFileType = "wrapper.app-extension"; includeInIndex = 0; path = "Todotrix WatchKit Extension.appex"; sourceTree = BUILT_PRODUCTS_DIR; };
		FA3435E51AF5030B00D225BC /* Info.plist */ = {isa = PBXFileReference; lastKnownFileType = text.plist.xml; path = Info.plist; sourceTree = "<group>"; };
		FA3435E61AF5030B00D225BC /* InterfaceController.h */ = {isa = PBXFileReference; lastKnownFileType = sourcecode.c.h; path = InterfaceController.h; sourceTree = "<group>"; };
		FA3435E71AF5030B00D225BC /* InterfaceController.m */ = {isa = PBXFileReference; lastKnownFileType = sourcecode.c.objc; path = InterfaceController.m; sourceTree = "<group>"; };
		FA3435E91AF5030B00D225BC /* GlanceController.h */ = {isa = PBXFileReference; lastKnownFileType = sourcecode.c.h; path = GlanceController.h; sourceTree = "<group>"; };
		FA3435EA1AF5030B00D225BC /* GlanceController.m */ = {isa = PBXFileReference; lastKnownFileType = sourcecode.c.objc; path = GlanceController.m; sourceTree = "<group>"; };
		FA3435EC1AF5030B00D225BC /* Images.xcassets */ = {isa = PBXFileReference; lastKnownFileType = folder.assetcatalog; path = Images.xcassets; sourceTree = "<group>"; };
		FA3435F01AF5030B00D225BC /* Todotrix WatchKit App.app */ = {isa = PBXFileReference; explicitFileType = wrapper.application; includeInIndex = 0; path = "Todotrix WatchKit App.app"; sourceTree = BUILT_PRODUCTS_DIR; };
		FA3435F61AF5030C00D225BC /* Info.plist */ = {isa = PBXFileReference; lastKnownFileType = text.plist.xml; path = Info.plist; sourceTree = "<group>"; };
		FA3435F81AF5030C00D225BC /* Base */ = {isa = PBXFileReference; lastKnownFileType = file.storyboard; name = Base; path = Base.lproj/Interface.storyboard; sourceTree = "<group>"; };
		FA3435FA1AF5030C00D225BC /* WatchImages.xcassets */ = {isa = PBXFileReference; lastKnownFileType = folder.assetcatalog; path = WatchImages.xcassets; sourceTree = "<group>"; };
		FA3436061AF50A3B00D225BC /* SecondInterfaceController.h */ = {isa = PBXFileReference; fileEncoding = 4; lastKnownFileType = sourcecode.c.h; path = SecondInterfaceController.h; sourceTree = "<group>"; };
		FA3436071AF50A3B00D225BC /* SecondInterfaceController.m */ = {isa = PBXFileReference; fileEncoding = 4; lastKnownFileType = sourcecode.c.objc; path = SecondInterfaceController.m; sourceTree = "<group>"; };
		FA3436091AF50A4D00D225BC /* ThirdInterfaceController.h */ = {isa = PBXFileReference; fileEncoding = 4; lastKnownFileType = sourcecode.c.h; path = ThirdInterfaceController.h; sourceTree = "<group>"; };
		FA34360A1AF50A4D00D225BC /* ThirdInterfaceController.m */ = {isa = PBXFileReference; fileEncoding = 4; lastKnownFileType = sourcecode.c.objc; path = ThirdInterfaceController.m; sourceTree = "<group>"; };
		FA3D24CE1A15A3E5003A590E /* libz.dylib */ = {isa = PBXFileReference; lastKnownFileType = "compiled.mach-o.dylib"; name = libz.dylib; path = usr/lib/libz.dylib; sourceTree = SDKROOT; };
		FA3D24D11A15A431003A590E /* libMobClickLibrary.a */ = {isa = PBXFileReference; lastKnownFileType = archive.ar; path = libMobClickLibrary.a; sourceTree = "<group>"; };
		FA3D24D21A15A431003A590E /* MobClick.h */ = {isa = PBXFileReference; fileEncoding = 4; lastKnownFileType = sourcecode.c.h; path = MobClick.h; sourceTree = "<group>"; };
		FA3D24D31A15A431003A590E /* MobClickSocialAnalytics.h */ = {isa = PBXFileReference; fileEncoding = 4; lastKnownFileType = sourcecode.c.h; path = MobClickSocialAnalytics.h; sourceTree = "<group>"; };
		FA444F791ACEE4D400DFCDD0 /* FontChooserViewController.h */ = {isa = PBXFileReference; fileEncoding = 4; lastKnownFileType = sourcecode.c.h; path = FontChooserViewController.h; sourceTree = "<group>"; };
		FA444F7A1ACEE4D400DFCDD0 /* FontChooserViewController.m */ = {isa = PBXFileReference; fileEncoding = 4; lastKnownFileType = sourcecode.c.objc; path = FontChooserViewController.m; sourceTree = "<group>"; };
		FA492C1F1A0CB1890030FE27 /* Todotrix.app */ = {isa = PBXFileReference; explicitFileType = wrapper.application; includeInIndex = 0; path = Todotrix.app; sourceTree = BUILT_PRODUCTS_DIR; };
		FA492C231A0CB1890030FE27 /* Info.plist */ = {isa = PBXFileReference; lastKnownFileType = text.plist.xml; path = Info.plist; sourceTree = "<group>"; };
		FA492C241A0CB1890030FE27 /* main.m */ = {isa = PBXFileReference; lastKnownFileType = sourcecode.c.objc; path = main.m; sourceTree = "<group>"; };
		FA492C2F1A0CB1890030FE27 /* Images.xcassets */ = {isa = PBXFileReference; lastKnownFileType = folder.assetcatalog; path = Images.xcassets; sourceTree = "<group>"; };
		FA492C3D1A0CB1890030FE27 /* Info.plist */ = {isa = PBXFileReference; lastKnownFileType = text.plist.xml; path = Info.plist; sourceTree = "<group>"; };
		FA492C3E1A0CB1890030FE27 /* TodoTests.m */ = {isa = PBXFileReference; lastKnownFileType = sourcecode.c.objc; path = TodoTests.m; sourceTree = "<group>"; };
		FA492C481A0CB1A50030FE27 /* AppDelegate.h */ = {isa = PBXFileReference; fileEncoding = 4; lastKnownFileType = sourcecode.c.h; path = AppDelegate.h; sourceTree = "<group>"; };
		FA492C491A0CB1A50030FE27 /* AppDelegate.m */ = {isa = PBXFileReference; fileEncoding = 4; lastKnownFileType = sourcecode.c.objc; path = AppDelegate.m; sourceTree = "<group>"; };
		FA492C4C1A0CB1A50030FE27 /* LTPopButton.h */ = {isa = PBXFileReference; fileEncoding = 4; lastKnownFileType = sourcecode.c.h; path = LTPopButton.h; sourceTree = "<group>"; };
		FA492C4D1A0CB1A50030FE27 /* LTPopButton.m */ = {isa = PBXFileReference; fileEncoding = 4; lastKnownFileType = sourcecode.c.objc; path = LTPopButton.m; sourceTree = "<group>"; };
		FA492C561A0CB1A50030FE27 /* Settings.h */ = {isa = PBXFileReference; fileEncoding = 4; lastKnownFileType = sourcecode.c.h; path = Settings.h; sourceTree = "<group>"; };
		FA492C571A0CB1A50030FE27 /* Settings.m */ = {isa = PBXFileReference; fileEncoding = 4; lastKnownFileType = sourcecode.c.objc; path = Settings.m; sourceTree = "<group>"; };
		FA492C581A0CB1A50030FE27 /* TodoAreaView.h */ = {isa = PBXFileReference; fileEncoding = 4; lastKnownFileType = sourcecode.c.h; path = TodoAreaView.h; sourceTree = "<group>"; };
		FA492C591A0CB1A50030FE27 /* TodoAreaView.m */ = {isa = PBXFileReference; fileEncoding = 4; lastKnownFileType = sourcecode.c.objc; path = TodoAreaView.m; sourceTree = "<group>"; };
		FA492C5A1A0CB1A50030FE27 /* TodoAreaView.xib */ = {isa = PBXFileReference; fileEncoding = 4; lastKnownFileType = file.xib; path = TodoAreaView.xib; sourceTree = "<group>"; };
		FA492C5B1A0CB1A50030FE27 /* TodoCell.h */ = {isa = PBXFileReference; fileEncoding = 4; lastKnownFileType = sourcecode.c.h; path = TodoCell.h; sourceTree = "<group>"; };
		FA492C5C1A0CB1A50030FE27 /* TodoCell.m */ = {isa = PBXFileReference; fileEncoding = 4; lastKnownFileType = sourcecode.c.objc; path = TodoCell.m; sourceTree = "<group>"; };
		FA492C5D1A0CB1A50030FE27 /* TodoListViewController.h */ = {isa = PBXFileReference; fileEncoding = 4; lastKnownFileType = sourcecode.c.h; path = TodoListViewController.h; sourceTree = "<group>"; };
		FA492C5E1A0CB1A50030FE27 /* TodoListViewController.m */ = {isa = PBXFileReference; fileEncoding = 4; lastKnownFileType = sourcecode.c.objc; path = TodoListViewController.m; sourceTree = "<group>"; };
		FA492C5F1A0CB1A50030FE27 /* TodoListViewTransition.h */ = {isa = PBXFileReference; fileEncoding = 4; lastKnownFileType = sourcecode.c.h; path = TodoListViewTransition.h; sourceTree = "<group>"; };
		FA492C601A0CB1A50030FE27 /* TodoListViewTransition.m */ = {isa = PBXFileReference; fileEncoding = 4; lastKnownFileType = sourcecode.c.objc; path = TodoListViewTransition.m; sourceTree = "<group>"; };
		FA492C611A0CB1A50030FE27 /* TodoService.h */ = {isa = PBXFileReference; fileEncoding = 4; lastKnownFileType = sourcecode.c.h; path = TodoService.h; sourceTree = "<group>"; };
		FA492C621A0CB1A50030FE27 /* TodoService.m */ = {isa = PBXFileReference; fileEncoding = 4; lastKnownFileType = sourcecode.c.objc; path = TodoService.m; sourceTree = "<group>"; };
		FA492C631A0CB1A50030FE27 /* TodoTypeLabel.h */ = {isa = PBXFileReference; fileEncoding = 4; lastKnownFileType = sourcecode.c.h; path = TodoTypeLabel.h; sourceTree = "<group>"; };
		FA492C641A0CB1A50030FE27 /* TodoTypeLabel.m */ = {isa = PBXFileReference; fileEncoding = 4; lastKnownFileType = sourcecode.c.objc; path = TodoTypeLabel.m; sourceTree = "<group>"; };
		FA492C651A0CB1A50030FE27 /* ViewController.h */ = {isa = PBXFileReference; fileEncoding = 4; lastKnownFileType = sourcecode.c.h; path = ViewController.h; sourceTree = "<group>"; };
		FA492C661A0CB1A50030FE27 /* ViewController.m */ = {isa = PBXFileReference; fileEncoding = 4; lastKnownFileType = sourcecode.c.objc; path = ViewController.m; sourceTree = "<group>"; };
		FA492C7B1A0CB5570030FE27 /* LaunchScreen.xib */ = {isa = PBXFileReference; fileEncoding = 4; lastKnownFileType = file.xib; path = LaunchScreen.xib; sourceTree = "<group>"; };
		FA492C7C1A0CB5570030FE27 /* Main.storyboard */ = {isa = PBXFileReference; fileEncoding = 4; lastKnownFileType = file.storyboard; path = Main.storyboard; sourceTree = "<group>"; };
		FA766C881A14AA6400D35B7C /* Todotrix.entitlements */ = {isa = PBXFileReference; lastKnownFileType = text.xml; path = Todotrix.entitlements; sourceTree = "<group>"; };
		FA88CA351A1450780044EBE1 /* Todotrix.appex */ = {isa = PBXFileReference; explicitFileType = "wrapper.app-extension"; includeInIndex = 0; path = Todotrix.appex; sourceTree = BUILT_PRODUCTS_DIR; };
		FA88CA371A1450780044EBE1 /* NotificationCenter.framework */ = {isa = PBXFileReference; lastKnownFileType = wrapper.framework; name = NotificationCenter.framework; path = System/Library/Frameworks/NotificationCenter.framework; sourceTree = SDKROOT; };
		FA88CA3B1A1450780044EBE1 /* Info.plist */ = {isa = PBXFileReference; lastKnownFileType = text.plist.xml; path = Info.plist; sourceTree = "<group>"; };
		FA88CA3C1A1450780044EBE1 /* TodayViewController.h */ = {isa = PBXFileReference; lastKnownFileType = sourcecode.c.h; path = TodayViewController.h; sourceTree = "<group>"; };
		FA88CA3D1A1450780044EBE1 /* TodayViewController.m */ = {isa = PBXFileReference; lastKnownFileType = sourcecode.c.objc; path = TodayViewController.m; sourceTree = "<group>"; };
		FA88CA3F1A1450780044EBE1 /* MainInterface.storyboard */ = {isa = PBXFileReference; lastKnownFileType = file.storyboard; path = MainInterface.storyboard; sourceTree = "<group>"; };
/* End PBXFileReference section */

/* Begin PBXFrameworksBuildPhase section */
		FA3435DF1AF5030B00D225BC /* Frameworks */ = {
			isa = PBXFrameworksBuildPhase;
			buildActionMask = 2147483647;
			files = (
			);
			runOnlyForDeploymentPostprocessing = 0;
		};
		FA492C1C1A0CB1890030FE27 /* Frameworks */ = {
			isa = PBXFrameworksBuildPhase;
			buildActionMask = 2147483647;
			files = (
				FA3D24CF1A15A3E5003A590E /* libz.dylib in Frameworks */,
				FA3D24D41A15A431003A590E /* libMobClickLibrary.a in Frameworks */,
			);
			runOnlyForDeploymentPostprocessing = 0;
		};
		FA88CA321A1450780044EBE1 /* Frameworks */ = {
			isa = PBXFrameworksBuildPhase;
			buildActionMask = 2147483647;
			files = (
				FA88CA381A1450780044EBE1 /* NotificationCenter.framework in Frameworks */,
			);
			runOnlyForDeploymentPostprocessing = 0;
		};
/* End PBXFrameworksBuildPhase section */

/* Begin PBXGroup section */
		4926D17C1A0DD61A008F68A9 /* utils */ = {
			isa = PBXGroup;
			children = (
				4926D17D1A0DD634008F68A9 /* CommonUtils.h */,
				4926D17E1A0DD635008F68A9 /* CommonUtils.m */,
			);
			name = utils;
			sourceTree = "<group>";
		};
		FA3435E31AF5030B00D225BC /* Todotrix WatchKit Extension */ = {
			isa = PBXGroup;
			children = (
				FA3435E61AF5030B00D225BC /* InterfaceController.h */,
				FA3435E71AF5030B00D225BC /* InterfaceController.m */,
				FA3436061AF50A3B00D225BC /* SecondInterfaceController.h */,
				FA3436071AF50A3B00D225BC /* SecondInterfaceController.m */,
				FA3436091AF50A4D00D225BC /* ThirdInterfaceController.h */,
				FA34360A1AF50A4D00D225BC /* ThirdInterfaceController.m */,
				FA3435E91AF5030B00D225BC /* GlanceController.h */,
				FA3435EA1AF5030B00D225BC /* GlanceController.m */,
				FA3435EC1AF5030B00D225BC /* Images.xcassets */,
				FA3435E41AF5030B00D225BC /* Supporting Files */,
			);
			path = "Todotrix WatchKit Extension";
			sourceTree = "<group>";
		};
		FA3435E41AF5030B00D225BC /* Supporting Files */ = {
			isa = PBXGroup;
			children = (
				FA3435E51AF5030B00D225BC /* Info.plist */,
			);
			name = "Supporting Files";
			sourceTree = "<group>";
		};
		FA3435F41AF5030B00D225BC /* Todotrix WatchKit App */ = {
			isa = PBXGroup;
			children = (
				FA3435F71AF5030C00D225BC /* Interface.storyboard */,
				FA3435FA1AF5030C00D225BC /* WatchImages.xcassets */,
				FA3435F51AF5030C00D225BC /* Supporting Files */,
			);
			path = "Todotrix WatchKit App";
			sourceTree = "<group>";
		};
		FA3435F51AF5030C00D225BC /* Supporting Files */ = {
			isa = PBXGroup;
			children = (
				FA3435F61AF5030C00D225BC /* Info.plist */,
			);
			name = "Supporting Files";
			sourceTree = "<group>";
		};
		FA3D24D01A15A431003A590E /* UMAnalytics_Sdk_3.1.9 */ = {
			isa = PBXGroup;
			children = (
				FA3D24D11A15A431003A590E /* libMobClickLibrary.a */,
				FA3D24D21A15A431003A590E /* MobClick.h */,
				FA3D24D31A15A431003A590E /* MobClickSocialAnalytics.h */,
			);
			path = UMAnalytics_Sdk_3.1.9;
			sourceTree = "<group>";
		};
		FA492C161A0CB1890030FE27 = {
			isa = PBXGroup;
			children = (
				FA492C211A0CB1890030FE27 /* Todo */,
				FA492C3B1A0CB1890030FE27 /* TodoTests */,
				FA88CA391A1450780044EBE1 /* TodoExtenstion */,
				FA3435E31AF5030B00D225BC /* Todotrix WatchKit Extension */,
				FA3435F41AF5030B00D225BC /* Todotrix WatchKit App */,
				FA88CA361A1450780044EBE1 /* Frameworks */,
				FA492C201A0CB1890030FE27 /* Products */,
			);
			sourceTree = "<group>";
		};
		FA492C201A0CB1890030FE27 /* Products */ = {
			isa = PBXGroup;
			children = (
				FA492C1F1A0CB1890030FE27 /* Todotrix.app */,
				FA88CA351A1450780044EBE1 /* Todotrix.appex */,
				FA3435E21AF5030B00D225BC /* Todotrix WatchKit Extension.appex */,
				FA3435F01AF5030B00D225BC /* Todotrix WatchKit App.app */,
			);
			name = Products;
			sourceTree = "<group>";
		};
		FA492C211A0CB1890030FE27 /* Todo */ = {
			isa = PBXGroup;
			children = (
				FA766C881A14AA6400D35B7C /* Todotrix.entitlements */,
				4926D17C1A0DD61A008F68A9 /* utils */,
				FAF652271A0CB97100CB0DCA /* model */,
				FA492C771A0CB1C00030FE27 /* lib */,
				FA492C781A0CB1C50030FE27 /* component */,
				FA492C791A0CB1EB0030FE27 /* service */,
				FA492C481A0CB1A50030FE27 /* AppDelegate.h */,
				FA492C491A0CB1A50030FE27 /* AppDelegate.m */,
				FA492C5D1A0CB1A50030FE27 /* TodoListViewController.h */,
				FA492C5E1A0CB1A50030FE27 /* TodoListViewController.m */,
				FA492C5F1A0CB1A50030FE27 /* TodoListViewTransition.h */,
				FA492C601A0CB1A50030FE27 /* TodoListViewTransition.m */,
				FA492C651A0CB1A50030FE27 /* ViewController.h */,
				FA492C661A0CB1A50030FE27 /* ViewController.m */,
				FA171B721A109919000DF159 /* SettingsViewController.h */,
				FA171B731A109919000DF159 /* SettingsViewController.m */,
				FA444F791ACEE4D400DFCDD0 /* FontChooserViewController.h */,
				FA444F7A1ACEE4D400DFCDD0 /* FontChooserViewController.m */,
				FA492C7B1A0CB5570030FE27 /* LaunchScreen.xib */,
				FA492C7C1A0CB5570030FE27 /* Main.storyboard */,
				FA492C2F1A0CB1890030FE27 /* Images.xcassets */,
				FA492C221A0CB1890030FE27 /* Supporting Files */,
			);
			path = Todo;
			sourceTree = "<group>";
		};
		FA492C221A0CB1890030FE27 /* Supporting Files */ = {
			isa = PBXGroup;
			children = (
				FA492C231A0CB1890030FE27 /* Info.plist */,
				FA492C241A0CB1890030FE27 /* main.m */,
			);
			name = "Supporting Files";
			sourceTree = "<group>";
		};
		FA492C3B1A0CB1890030FE27 /* TodoTests */ = {
			isa = PBXGroup;
			children = (
				FA492C3E1A0CB1890030FE27 /* TodoTests.m */,
				FA492C3C1A0CB1890030FE27 /* Supporting Files */,
			);
			path = TodoTests;
			sourceTree = "<group>";
		};
		FA492C3C1A0CB1890030FE27 /* Supporting Files */ = {
			isa = PBXGroup;
			children = (
				FA492C3D1A0CB1890030FE27 /* Info.plist */,
			);
			name = "Supporting Files";
			sourceTree = "<group>";
		};
		FA492C771A0CB1C00030FE27 /* lib */ = {
			isa = PBXGroup;
			children = (
				FA3D24D01A15A431003A590E /* UMAnalytics_Sdk_3.1.9 */,
				4926D1801A0E09EB008F68A9 /* BVReorderTableView.h */,
				4926D1811A0E09EB008F68A9 /* BVReorderTableView.m */,
				FA492C4C1A0CB1A50030FE27 /* LTPopButton.h */,
				FA492C4D1A0CB1A50030FE27 /* LTPopButton.m */,
			);
			name = lib;
			sourceTree = "<group>";
		};
		FA492C781A0CB1C50030FE27 /* component */ = {
			isa = PBXGroup;
			children = (
				FA492C581A0CB1A50030FE27 /* TodoAreaView.h */,
				FA492C591A0CB1A50030FE27 /* TodoAreaView.m */,
				FA492C5A1A0CB1A50030FE27 /* TodoAreaView.xib */,
				FA492C5B1A0CB1A50030FE27 /* TodoCell.h */,
				FA492C5C1A0CB1A50030FE27 /* TodoCell.m */,
				FA492C631A0CB1A50030FE27 /* TodoTypeLabel.h */,
				FA492C641A0CB1A50030FE27 /* TodoTypeLabel.m */,
				49CA93AD1A0CE9020069BABB /* TodoInputView.h */,
				49CA93AE1A0CE9020069BABB /* TodoInputView.m */,
				49CA93B01A0CE91D0069BABB /* TodoInputView.xib */,
			);
			name = component;
			sourceTree = "<group>";
		};
		FA492C791A0CB1EB0030FE27 /* service */ = {
			isa = PBXGroup;
			children = (
				FA492C561A0CB1A50030FE27 /* Settings.h */,
				FA492C571A0CB1A50030FE27 /* Settings.m */,
				FA492C611A0CB1A50030FE27 /* TodoService.h */,
				FA492C621A0CB1A50030FE27 /* TodoService.m */,
			);
			name = service;
			sourceTree = "<group>";
		};
		FA88CA361A1450780044EBE1 /* Frameworks */ = {
			isa = PBXGroup;
			children = (
				FA3D24CE1A15A3E5003A590E /* libz.dylib */,
				FA88CA371A1450780044EBE1 /* NotificationCenter.framework */,
			);
			name = Frameworks;
			sourceTree = "<group>";
		};
		FA88CA391A1450780044EBE1 /* TodoExtenstion */ = {
			isa = PBXGroup;
			children = (
				FA88CA3C1A1450780044EBE1 /* TodayViewController.h */,
				FA88CA3D1A1450780044EBE1 /* TodayViewController.m */,
				FA88CA3F1A1450780044EBE1 /* MainInterface.storyboard */,
				FA88CA3A1A1450780044EBE1 /* Supporting Files */,
			);
			path = TodoExtenstion;
			sourceTree = "<group>";
		};
		FA88CA3A1A1450780044EBE1 /* Supporting Files */ = {
			isa = PBXGroup;
			children = (
				FA88CA3B1A1450780044EBE1 /* Info.plist */,
			);
			name = "Supporting Files";
			sourceTree = "<group>";
		};
		FAF652271A0CB97100CB0DCA /* model */ = {
			isa = PBXGroup;
			children = (
			);
			name = model;
			sourceTree = "<group>";
		};
/* End PBXGroup section */

/* Begin PBXNativeTarget section */
		FA3435E11AF5030B00D225BC /* Todotrix WatchKit Extension */ = {
			isa = PBXNativeTarget;
			buildConfigurationList = FA3436041AF5030C00D225BC /* Build configuration list for PBXNativeTarget "Todotrix WatchKit Extension" */;
			buildPhases = (
				FA3435DE1AF5030B00D225BC /* Sources */,
				FA3435DF1AF5030B00D225BC /* Frameworks */,
				FA3435E01AF5030B00D225BC /* Resources */,
			);
			buildRules = (
			);
			dependencies = (
				FA3435F31AF5030B00D225BC /* PBXTargetDependency */,
			);
			name = "Todotrix WatchKit Extension";
			productName = "Todotrix WatchKit Extension";
			productReference = FA3435E21AF5030B00D225BC /* Todotrix WatchKit Extension.appex */;
			productType = "com.apple.product-type.watchkit-extension";
		};
		FA3435EF1AF5030B00D225BC /* Todotrix WatchKit App */ = {
			isa = PBXNativeTarget;
			buildConfigurationList = FA3436031AF5030C00D225BC /* Build configuration list for PBXNativeTarget "Todotrix WatchKit App" */;
			buildPhases = (
				FA3435EE1AF5030B00D225BC /* Resources */,
			);
			buildRules = (
			);
			dependencies = (
			);
			name = "Todotrix WatchKit App";
			productName = "Todotrix WatchKit App";
			productReference = FA3435F01AF5030B00D225BC /* Todotrix WatchKit App.app */;
			productType = "com.apple.product-type.application.watchapp";
		};
		FA492C1E1A0CB1890030FE27 /* Todo */ = {
			isa = PBXNativeTarget;
			buildConfigurationList = FA492C421A0CB1890030FE27 /* Build configuration list for PBXNativeTarget "Todo" */;
			buildPhases = (
				FA492C1B1A0CB1890030FE27 /* Sources */,
				FA492C1C1A0CB1890030FE27 /* Frameworks */,
				FA492C1D1A0CB1890030FE27 /* Resources */,
				FA88CA471A1450780044EBE1 /* Embed App Extensions */,
			);
			buildRules = (
			);
			dependencies = (
				FA88CA421A1450780044EBE1 /* PBXTargetDependency */,
				FA3435FD1AF5030C00D225BC /* PBXTargetDependency */,
			);
			name = Todo;
			productName = Todo;
			productReference = FA492C1F1A0CB1890030FE27 /* Todotrix.app */;
			productType = "com.apple.product-type.application";
		};
		FA88CA341A1450780044EBE1 /* TodoExtenstion */ = {
			isa = PBXNativeTarget;
			buildConfigurationList = FA88CA461A1450780044EBE1 /* Build configuration list for PBXNativeTarget "TodoExtenstion" */;
			buildPhases = (
				FA88CA311A1450780044EBE1 /* Sources */,
				FA88CA321A1450780044EBE1 /* Frameworks */,
				FA88CA331A1450780044EBE1 /* Resources */,
			);
			buildRules = (
			);
			dependencies = (
			);
			name = TodoExtenstion;
			productName = TodoExtenstion;
			productReference = FA88CA351A1450780044EBE1 /* Todotrix.appex */;
			productType = "com.apple.product-type.app-extension";
		};
/* End PBXNativeTarget section */

/* Begin PBXProject section */
		FA492C171A0CB1890030FE27 /* Project object */ = {
			isa = PBXProject;
			attributes = {
				LastUpgradeCheck = 0610;
				ORGANIZATIONNAME = ltebean;
				TargetAttributes = {
					FA3435E11AF5030B00D225BC = {
						CreatedOnToolsVersion = 6.2;
						DevelopmentTeam = LUAG5Z5ST3;
					};
					FA3435EF1AF5030B00D225BC = {
						CreatedOnToolsVersion = 6.2;
						DevelopmentTeam = LUAG5Z5ST3;
					};
					FA492C1E1A0CB1890030FE27 = {
						CreatedOnToolsVersion = 6.1;
						DevelopmentTeam = LUAG5Z5ST3;
						SystemCapabilities = {
							com.apple.ApplicationGroups.iOS = {
								enabled = 1;
							};
						};
					};
					FA88CA341A1450780044EBE1 = {
						CreatedOnToolsVersion = 6.1;
						DevelopmentTeam = LUAG5Z5ST3;
						SystemCapabilities = {
							com.apple.ApplicationGroups.iOS = {
								enabled = 1;
							};
							com.apple.DataProtection = {
								enabled = 0;
							};
						};
					};
				};
			};
			buildConfigurationList = FA492C1A1A0CB1890030FE27 /* Build configuration list for PBXProject "Todo" */;
			compatibilityVersion = "Xcode 3.2";
			developmentRegion = English;
			hasScannedForEncodings = 0;
			knownRegions = (
				en,
				Base,
			);
			mainGroup = FA492C161A0CB1890030FE27;
			productRefGroup = FA492C201A0CB1890030FE27 /* Products */;
			projectDirPath = "";
			projectRoot = "";
			targets = (
				FA492C1E1A0CB1890030FE27 /* Todo */,
				FA88CA341A1450780044EBE1 /* TodoExtenstion */,
				FA3435E11AF5030B00D225BC /* Todotrix WatchKit Extension */,
				FA3435EF1AF5030B00D225BC /* Todotrix WatchKit App */,
			);
		};
/* End PBXProject section */

/* Begin PBXResourcesBuildPhase section */
		FA3435E01AF5030B00D225BC /* Resources */ = {
			isa = PBXResourcesBuildPhase;
			buildActionMask = 2147483647;
			files = (
				FA3435ED1AF5030B00D225BC /* Images.xcassets in Resources */,
				FA3435F11AF5030B00D225BC /* Todotrix WatchKit App.app in Resources */,
			);
			runOnlyForDeploymentPostprocessing = 0;
		};
		FA3435EE1AF5030B00D225BC /* Resources */ = {
			isa = PBXResourcesBuildPhase;
			buildActionMask = 2147483647;
			files = (
				FA3435F91AF5030C00D225BC /* Interface.storyboard in Resources */,
				FA3435FB1AF5030C00D225BC /* WatchImages.xcassets in Resources */,
			);
			runOnlyForDeploymentPostprocessing = 0;
		};
		FA492C1D1A0CB1890030FE27 /* Resources */ = {
			isa = PBXResourcesBuildPhase;
			buildActionMask = 2147483647;
			files = (
				49CA93B11A0CE91D0069BABB /* TodoInputView.xib in Resources */,
				FA492C301A0CB1890030FE27 /* Images.xcassets in Resources */,
				FA492C7D1A0CB5570030FE27 /* LaunchScreen.xib in Resources */,
				FA492C701A0CB1A50030FE27 /* TodoAreaView.xib in Resources */,
				FA492C7E1A0CB5570030FE27 /* Main.storyboard in Resources */,
			);
			runOnlyForDeploymentPostprocessing = 0;
		};
		FA88CA331A1450780044EBE1 /* Resources */ = {
			isa = PBXResourcesBuildPhase;
			buildActionMask = 2147483647;
			files = (
				FADCE5FE1A14A1D400003D05 /* Images.xcassets in Resources */,
				FA88CA401A1450780044EBE1 /* MainInterface.storyboard in Resources */,
			);
			runOnlyForDeploymentPostprocessing = 0;
		};
/* End PBXResourcesBuildPhase section */

/* Begin PBXSourcesBuildPhase section */
		FA3435DE1AF5030B00D225BC /* Sources */ = {
			isa = PBXSourcesBuildPhase;
			buildActionMask = 2147483647;
			files = (
				FA34360C1AF50E4700D225BC /* CommonUtils.m in Sources */,
				FA34360B1AF50A4D00D225BC /* ThirdInterfaceController.m in Sources */,
				FA3436051AF5079700D225BC /* TodoService.m in Sources */,
				FA3435E81AF5030B00D225BC /* InterfaceController.m in Sources */,
				FA3435EB1AF5030B00D225BC /* GlanceController.m in Sources */,
				FA3436081AF50A3B00D225BC /* SecondInterfaceController.m in Sources */,
			);
			runOnlyForDeploymentPostprocessing = 0;
		};
		FA492C1B1A0CB1890030FE27 /* Sources */ = {
			isa = PBXSourcesBuildPhase;
			buildActionMask = 2147483647;
			files = (
				FA492C671A0CB1A50030FE27 /* AppDelegate.m in Sources */,
				FA492C6E1A0CB1A50030FE27 /* Settings.m in Sources */,
				FA492C251A0CB1890030FE27 /* main.m in Sources */,
				4926D1821A0E09EB008F68A9 /* BVReorderTableView.m in Sources */,
				4926D17F1A0DD635008F68A9 /* CommonUtils.m in Sources */,
				FA492C6F1A0CB1A50030FE27 /* TodoAreaView.m in Sources */,
				49CA93AF1A0CE9020069BABB /* TodoInputView.m in Sources */,
				FA492C721A0CB1A50030FE27 /* TodoListViewController.m in Sources */,
				FA492C731A0CB1A50030FE27 /* TodoListViewTransition.m in Sources */,
				FA492C761A0CB1A50030FE27 /* ViewController.m in Sources */,
				FA492C741A0CB1A50030FE27 /* TodoService.m in Sources */,
				FA492C751A0CB1A50030FE27 /* TodoTypeLabel.m in Sources */,
				FA171B741A109919000DF159 /* SettingsViewController.m in Sources */,
				FA492C691A0CB1A50030FE27 /* LTPopButton.m in Sources */,
				FA492C711A0CB1A50030FE27 /* TodoCell.m in Sources */,
				FA444F7B1ACEE4D400DFCDD0 /* FontChooserViewController.m in Sources */,
			);
			runOnlyForDeploymentPostprocessing = 0;
		};
		FA88CA311A1450780044EBE1 /* Sources */ = {
			isa = PBXSourcesBuildPhase;
			buildActionMask = 2147483647;
			files = (
				FAAD8EBB1A14B40B004D00C7 /* TodoTypeLabel.m in Sources */,
				FA9DFD5E1A149DA10010EFA3 /* CommonUtils.m in Sources */,
				FAE26F291A145B1100D19D48 /* Settings.m in Sources */,
				FAE26F281A145AD500D19D48 /* TodoService.m in Sources */,
				FA88CA3E1A1450780044EBE1 /* TodayViewController.m in Sources */,
			);
			runOnlyForDeploymentPostprocessing = 0;
		};
/* End PBXSourcesBuildPhase section */

/* Begin PBXTargetDependency section */
		FA3435F31AF5030B00D225BC /* PBXTargetDependency */ = {
			isa = PBXTargetDependency;
			target = FA3435EF1AF5030B00D225BC /* Todotrix WatchKit App */;
			targetProxy = FA3435F21AF5030B00D225BC /* PBXContainerItemProxy */;
		};
		FA3435FD1AF5030C00D225BC /* PBXTargetDependency */ = {
			isa = PBXTargetDependency;
			target = FA3435E11AF5030B00D225BC /* Todotrix WatchKit Extension */;
			targetProxy = FA3435FC1AF5030C00D225BC /* PBXContainerItemProxy */;
		};
		FA88CA421A1450780044EBE1 /* PBXTargetDependency */ = {
			isa = PBXTargetDependency;
			target = FA88CA341A1450780044EBE1 /* TodoExtenstion */;
			targetProxy = FA88CA411A1450780044EBE1 /* PBXContainerItemProxy */;
		};
/* End PBXTargetDependency section */

/* Begin PBXVariantGroup section */
		FA3435F71AF5030C00D225BC /* Interface.storyboard */ = {
			isa = PBXVariantGroup;
			children = (
				FA3435F81AF5030C00D225BC /* Base */,
			);
			name = Interface.storyboard;
			sourceTree = "<group>";
		};
/* End PBXVariantGroup section */

/* Begin XCBuildConfiguration section */
		FA3435FF1AF5030C00D225BC /* Debug */ = {
			isa = XCBuildConfiguration;
			buildSettings = {
				CODE_SIGN_IDENTITY = "iPhone Distribution: Cong Yu (LUAG5Z5ST3)";
				"CODE_SIGN_IDENTITY[sdk=iphoneos*]" = "iPhone Distribution: Cong Yu (LUAG5Z5ST3)";
				GCC_PREPROCESSOR_DEFINITIONS = (
					"DEBUG=1",
					"$(inherited)",
				);
				INFOPLIST_FILE = "Todotrix WatchKit Extension/Info.plist";
				IPHONEOS_DEPLOYMENT_TARGET = 8.2;
				LD_RUNPATH_SEARCH_PATHS = "$(inherited) @executable_path/Frameworks @executable_path/../../Frameworks";
				PRODUCT_NAME = "${TARGET_NAME}";
				PROVISIONING_PROFILE = "f0ee04c4-c4a2-4ea1-977c-d8f2ee147fa8";
				SKIP_INSTALL = YES;
			};
			name = Debug;
		};
		FA3436001AF5030C00D225BC /* Release */ = {
			isa = XCBuildConfiguration;
			buildSettings = {
				CODE_SIGN_IDENTITY = "iPhone Distribution: Cong Yu (LUAG5Z5ST3)";
				"CODE_SIGN_IDENTITY[sdk=iphoneos*]" = "iPhone Distribution: Cong Yu (LUAG5Z5ST3)";
				COPY_PHASE_STRIP = NO;
				INFOPLIST_FILE = "Todotrix WatchKit Extension/Info.plist";
				IPHONEOS_DEPLOYMENT_TARGET = 8.2;
				LD_RUNPATH_SEARCH_PATHS = "$(inherited) @executable_path/Frameworks @executable_path/../../Frameworks";
				PRODUCT_NAME = "${TARGET_NAME}";
				PROVISIONING_PROFILE = "f0ee04c4-c4a2-4ea1-977c-d8f2ee147fa8";
				SKIP_INSTALL = YES;
			};
			name = Release;
		};
		FA3436011AF5030C00D225BC /* Debug */ = {
			isa = XCBuildConfiguration;
			buildSettings = {
				ASSETCATALOG_COMPILER_APPICON_NAME = WatchAppIcon;
				CODE_SIGN_IDENTITY = "iPhone Developer";
				"CODE_SIGN_IDENTITY[sdk=iphoneos*]" = "iPhone Developer";
				GCC_PREPROCESSOR_DEFINITIONS = (
					"DEBUG=1",
					"$(inherited)",
				);
				IBSC_MODULE = Todotrix_WatchKit_Extension;
				INFOPLIST_FILE = "Todotrix WatchKit App/Info.plist";
				IPHONEOS_DEPLOYMENT_TARGET = 8.2;
				PRODUCT_NAME = "$(TARGET_NAME)";
				PROVISIONING_PROFILE = "";
				SKIP_INSTALL = YES;
				TARGETED_DEVICE_FAMILY = 4;
				"TARGETED_DEVICE_FAMILY[sdk=iphonesimulator*]" = "1,4";
			};
			name = Debug;
		};
		FA3436021AF5030C00D225BC /* Release */ = {
			isa = XCBuildConfiguration;
			buildSettings = {
				ASSETCATALOG_COMPILER_APPICON_NAME = WatchAppIcon;
				CODE_SIGN_IDENTITY = "iPhone Developer";
				"CODE_SIGN_IDENTITY[sdk=iphoneos*]" = "iPhone Developer";
				COPY_PHASE_STRIP = NO;
				IBSC_MODULE = Todotrix_WatchKit_Extension;
				INFOPLIST_FILE = "Todotrix WatchKit App/Info.plist";
				IPHONEOS_DEPLOYMENT_TARGET = 8.2;
				PRODUCT_NAME = "$(TARGET_NAME)";
				PROVISIONING_PROFILE = "";
				SKIP_INSTALL = YES;
				TARGETED_DEVICE_FAMILY = 4;
				"TARGETED_DEVICE_FAMILY[sdk=iphonesimulator*]" = "1,4";
			};
			name = Release;
		};
		FA492C401A0CB1890030FE27 /* Debug */ = {
			isa = XCBuildConfiguration;
			buildSettings = {
				ALWAYS_SEARCH_USER_PATHS = NO;
				CLANG_CXX_LANGUAGE_STANDARD = "gnu++0x";
				CLANG_CXX_LIBRARY = "libc++";
				CLANG_ENABLE_MODULES = YES;
				CLANG_ENABLE_OBJC_ARC = YES;
				CLANG_WARN_BOOL_CONVERSION = YES;
				CLANG_WARN_CONSTANT_CONVERSION = YES;
				CLANG_WARN_DIRECT_OBJC_ISA_USAGE = YES_ERROR;
				CLANG_WARN_EMPTY_BODY = YES;
				CLANG_WARN_ENUM_CONVERSION = YES;
				CLANG_WARN_INT_CONVERSION = YES;
				CLANG_WARN_OBJC_ROOT_CLASS = YES_ERROR;
				CLANG_WARN_UNREACHABLE_CODE = YES;
				CLANG_WARN__DUPLICATE_METHOD_MATCH = YES;
				CODE_SIGN_ENTITLEMENTS = Todo/Todotrix.entitlements;
				CODE_SIGN_IDENTITY = "iPhone Developer: Cong Yu (6T4Q98EJT3)";
				"CODE_SIGN_IDENTITY[sdk=iphoneos*]" = "iPhone Developer: Cong Yu (6T4Q98EJT3)";
				COPY_PHASE_STRIP = NO;
				ENABLE_STRICT_OBJC_MSGSEND = YES;
				GCC_C_LANGUAGE_STANDARD = gnu99;
				GCC_DYNAMIC_NO_PIC = NO;
				GCC_OPTIMIZATION_LEVEL = 0;
				GCC_PREPROCESSOR_DEFINITIONS = (
					"DEBUG=1",
					"$(inherited)",
				);
				GCC_SYMBOLS_PRIVATE_EXTERN = NO;
				GCC_WARN_64_TO_32_BIT_CONVERSION = YES;
				GCC_WARN_ABOUT_RETURN_TYPE = YES_ERROR;
				GCC_WARN_UNDECLARED_SELECTOR = YES;
				GCC_WARN_UNINITIALIZED_AUTOS = YES_AGGRESSIVE;
				GCC_WARN_UNUSED_FUNCTION = YES;
				GCC_WARN_UNUSED_VARIABLE = YES;
				IPHONEOS_DEPLOYMENT_TARGET = 8.1;
				MTL_ENABLE_DEBUG_INFO = YES;
				ONLY_ACTIVE_ARCH = YES;
				PRODUCT_NAME = Todotrix;
				PROVISIONING_PROFILE = "";
				SDKROOT = iphoneos;
			};
			name = Debug;
		};
		FA492C411A0CB1890030FE27 /* Release */ = {
			isa = XCBuildConfiguration;
			buildSettings = {
				ALWAYS_SEARCH_USER_PATHS = NO;
				CLANG_CXX_LANGUAGE_STANDARD = "gnu++0x";
				CLANG_CXX_LIBRARY = "libc++";
				CLANG_ENABLE_MODULES = YES;
				CLANG_ENABLE_OBJC_ARC = YES;
				CLANG_WARN_BOOL_CONVERSION = YES;
				CLANG_WARN_CONSTANT_CONVERSION = YES;
				CLANG_WARN_DIRECT_OBJC_ISA_USAGE = YES_ERROR;
				CLANG_WARN_EMPTY_BODY = YES;
				CLANG_WARN_ENUM_CONVERSION = YES;
				CLANG_WARN_INT_CONVERSION = YES;
				CLANG_WARN_OBJC_ROOT_CLASS = YES_ERROR;
				CLANG_WARN_UNREACHABLE_CODE = YES;
				CLANG_WARN__DUPLICATE_METHOD_MATCH = YES;
				CODE_SIGN_ENTITLEMENTS = Todo/Todotrix.entitlements;
				CODE_SIGN_IDENTITY = "iPhone Developer: Cong Yu (6T4Q98EJT3)";
				"CODE_SIGN_IDENTITY[sdk=iphoneos*]" = "iPhone Developer: Cong Yu (6T4Q98EJT3)";
				COPY_PHASE_STRIP = YES;
				ENABLE_NS_ASSERTIONS = NO;
				ENABLE_STRICT_OBJC_MSGSEND = YES;
				GCC_C_LANGUAGE_STANDARD = gnu99;
				GCC_WARN_64_TO_32_BIT_CONVERSION = YES;
				GCC_WARN_ABOUT_RETURN_TYPE = YES_ERROR;
				GCC_WARN_UNDECLARED_SELECTOR = YES;
				GCC_WARN_UNINITIALIZED_AUTOS = YES_AGGRESSIVE;
				GCC_WARN_UNUSED_FUNCTION = YES;
				GCC_WARN_UNUSED_VARIABLE = YES;
				IPHONEOS_DEPLOYMENT_TARGET = 8.1;
				MTL_ENABLE_DEBUG_INFO = NO;
				PRODUCT_NAME = Todotrix;
				PROVISIONING_PROFILE = "";
				SDKROOT = iphoneos;
				VALIDATE_PRODUCT = YES;
			};
			name = Release;
		};
		FA492C431A0CB1890030FE27 /* Debug */ = {
			isa = XCBuildConfiguration;
			buildSettings = {
				ASSETCATALOG_COMPILER_APPICON_NAME = AppIcon;
				ASSETCATALOG_COMPILER_LAUNCHIMAGE_NAME = LaunchImage;
				CODE_SIGN_ENTITLEMENTS = Todo/Todotrix.entitlements;
				CODE_SIGN_IDENTITY = "iPhone Distribution: Cong Yu (LUAG5Z5ST3)";
				"CODE_SIGN_IDENTITY[sdk=iphoneos*]" = "iPhone Distribution: Cong Yu (LUAG5Z5ST3)";
				INFOPLIST_FILE = Todo/Info.plist;
				IPHONEOS_DEPLOYMENT_TARGET = 8.0;
				LD_RUNPATH_SEARCH_PATHS = "$(inherited) @executable_path/Frameworks";
				LIBRARY_SEARCH_PATHS = (
					"$(inherited)",
					"$(PROJECT_DIR)/Todo/UMAnalytics_Sdk_3.1.9",
				);
				PRODUCT_NAME = Todotrix;
				PROVISIONING_PROFILE = "365dc71b-f75f-4fef-94b1-095e1c806fe1";
			};
			name = Debug;
		};
		FA492C441A0CB1890030FE27 /* Release */ = {
			isa = XCBuildConfiguration;
			buildSettings = {
				ASSETCATALOG_COMPILER_APPICON_NAME = AppIcon;
				ASSETCATALOG_COMPILER_LAUNCHIMAGE_NAME = LaunchImage;
				CODE_SIGN_ENTITLEMENTS = Todo/Todotrix.entitlements;
				CODE_SIGN_IDENTITY = "iPhone Distribution: Cong Yu (LUAG5Z5ST3)";
				"CODE_SIGN_IDENTITY[sdk=iphoneos*]" = "iPhone Distribution: Cong Yu (LUAG5Z5ST3)";
				INFOPLIST_FILE = Todo/Info.plist;
				IPHONEOS_DEPLOYMENT_TARGET = 8.0;
				LD_RUNPATH_SEARCH_PATHS = "$(inherited) @executable_path/Frameworks";
				LIBRARY_SEARCH_PATHS = (
					"$(inherited)",
					"$(PROJECT_DIR)/Todo/UMAnalytics_Sdk_3.1.9",
				);
				PRODUCT_NAME = Todotrix;
				PROVISIONING_PROFILE = "365dc71b-f75f-4fef-94b1-095e1c806fe1";
			};
			name = Release;
		};
		FA88CA441A1450780044EBE1 /* Debug */ = {
			isa = XCBuildConfiguration;
			buildSettings = {
				ASSETCATALOG_COMPILER_APPICON_NAME = AppIcon;
				CODE_SIGN_ENTITLEMENTS = Todo/Todotrix.entitlements;
				CODE_SIGN_IDENTITY = "iPhone Distribution: Cong Yu (LUAG5Z5ST3)";
				"CODE_SIGN_IDENTITY[sdk=iphoneos*]" = "iPhone Distribution: Cong Yu (LUAG5Z5ST3)";
				GCC_PREPROCESSOR_DEFINITIONS = (
					"DEBUG=1",
					"$(inherited)",
				);
				INFOPLIST_FILE = TodoExtenstion/Info.plist;
				IPHONEOS_DEPLOYMENT_TARGET = 8.0;
				LD_RUNPATH_SEARCH_PATHS = "$(inherited) @executable_path/Frameworks @executable_path/../../Frameworks";
				PRODUCT_NAME = Todotrix;
				PROVISIONING_PROFILE = "a2122fc3-8857-4f64-bfbb-7e0834d99c99";
				SKIP_INSTALL = YES;
			};
			name = Debug;
		};
		FA88CA451A1450780044EBE1 /* Release */ = {
			isa = XCBuildConfiguration;
			buildSettings = {
				ASSETCATALOG_COMPILER_APPICON_NAME = AppIcon;
				CODE_SIGN_ENTITLEMENTS = Todo/Todotrix.entitlements;
				CODE_SIGN_IDENTITY = "iPhone Distribution: Cong Yu (LUAG5Z5ST3)";
				"CODE_SIGN_IDENTITY[sdk=iphoneos*]" = "iPhone Distribution: Cong Yu (LUAG5Z5ST3)";
				INFOPLIST_FILE = TodoExtenstion/Info.plist;
				IPHONEOS_DEPLOYMENT_TARGET = 8.0;
				LD_RUNPATH_SEARCH_PATHS = "$(inherited) @executable_path/Frameworks @executable_path/../../Frameworks";
				PRODUCT_NAME = Todotrix;
				PROVISIONING_PROFILE = "a2122fc3-8857-4f64-bfbb-7e0834d99c99";
				SKIP_INSTALL = YES;
			};
			name = Release;
		};
/* End XCBuildConfiguration section */

/* Begin XCConfigurationList section */
		FA3436031AF5030C00D225BC /* Build configuration list for PBXNativeTarget "Todotrix WatchKit App" */ = {
			isa = XCConfigurationList;
			buildConfigurations = (
				FA3436011AF5030C00D225BC /* Debug */,
				FA3436021AF5030C00D225BC /* Release */,
			);
			defaultConfigurationIsVisible = 0;
			defaultConfigurationName = Release;
		};
		FA3436041AF5030C00D225BC /* Build configuration list for PBXNativeTarget "Todotrix WatchKit Extension" */ = {
			isa = XCConfigurationList;
			buildConfigurations = (
				FA3435FF1AF5030C00D225BC /* Debug */,
				FA3436001AF5030C00D225BC /* Release */,
			);
			defaultConfigurationIsVisible = 0;
			defaultConfigurationName = Release;
		};
		FA492C1A1A0CB1890030FE27 /* Build configuration list for PBXProject "Todo" */ = {
			isa = XCConfigurationList;
			buildConfigurations = (
				FA492C401A0CB1890030FE27 /* Debug */,
				FA492C411A0CB1890030FE27 /* Release */,
			);
			defaultConfigurationIsVisible = 0;
			defaultConfigurationName = Release;
		};
		FA492C421A0CB1890030FE27 /* Build configuration list for PBXNativeTarget "Todo" */ = {
			isa = XCConfigurationList;
			buildConfigurations = (
				FA492C431A0CB1890030FE27 /* Debug */,
				FA492C441A0CB1890030FE27 /* Release */,
			);
			defaultConfigurationIsVisible = 0;
			defaultConfigurationName = Release;
		};
		FA88CA461A1450780044EBE1 /* Build configuration list for PBXNativeTarget "TodoExtenstion" */ = {
			isa = XCConfigurationList;
			buildConfigurations = (
				FA88CA441A1450780044EBE1 /* Debug */,
				FA88CA451A1450780044EBE1 /* Release */,
			);
			defaultConfigurationIsVisible = 0;
			defaultConfigurationName = Release;
		};
/* End XCConfigurationList section */
	};
	rootObject = FA492C171A0CB1890030FE27 /* Project object */;
}
