// !$*UTF8*$!
{
	archiveVersion = 1;
	classes = {
	};
	objectVersion = 46;
	objects = {

/* Begin PBXBuildFile section */
		4926D17F1A0DD635008F68A9 /* CommonUtils.m in Sources */ = {isa = PBXBuildFile; fileRef = 4926D17E1A0DD635008F68A9 /* CommonUtils.m */; };
		4926D1821A0E09EB008F68A9 /* BVReorderTableView.m in Sources */ = {isa = PBXBuildFile; fileRef = 4926D1811A0E09EB008F68A9 /* BVReorderTableView.m */; };
		49379F0B1A0F090600B23293 /* LTSwipeTableViewCell.m in Sources */ = {isa = PBXBuildFile; fileRef = 49379F0A1A0F090600B23293 /* LTSwipeTableViewCell.m */; };
		49CA93AF1A0CE9020069BABB /* TodoInputView.m in Sources */ = {isa = PBXBuildFile; fileRef = 49CA93AE1A0CE9020069BABB /* TodoInputView.m */; };
		49CA93B11A0CE91D0069BABB /* TodoInputView.xib in Resources */ = {isa = PBXBuildFile; fileRef = 49CA93B01A0CE91D0069BABB /* TodoInputView.xib */; };
		FA171B741A109919000DF159 /* SettingsViewController.m in Sources */ = {isa = PBXBuildFile; fileRef = FA171B731A109919000DF159 /* SettingsViewController.m */; };
		FA492C251A0CB1890030FE27 /* main.m in Sources */ = {isa = PBXBuildFile; fileRef = FA492C241A0CB1890030FE27 /* main.m */; };
		FA492C301A0CB1890030FE27 /* Images.xcassets in Resources */ = {isa = PBXBuildFile; fileRef = FA492C2F1A0CB1890030FE27 /* Images.xcassets */; };
		FA492C3F1A0CB1890030FE27 /* TodoTests.m in Sources */ = {isa = PBXBuildFile; fileRef = FA492C3E1A0CB1890030FE27 /* TodoTests.m */; };
		FA492C671A0CB1A50030FE27 /* AppDelegate.m in Sources */ = {isa = PBXBuildFile; fileRef = FA492C491A0CB1A50030FE27 /* AppDelegate.m */; };
		FA492C681A0CB1A50030FE27 /* BootstrapViewController.m in Sources */ = {isa = PBXBuildFile; fileRef = FA492C4B1A0CB1A50030FE27 /* BootstrapViewController.m */; };
		FA492C691A0CB1A50030FE27 /* LTPopButton.m in Sources */ = {isa = PBXBuildFile; fileRef = FA492C4D1A0CB1A50030FE27 /* LTPopButton.m */; };
		FA492C6A1A0CB1A50030FE27 /* LTSlidingView.m in Sources */ = {isa = PBXBuildFile; fileRef = FA492C4F1A0CB1A50030FE27 /* LTSlidingView.m */; };
		FA492C6B1A0CB1A50030FE27 /* LTSlidingViewController.m in Sources */ = {isa = PBXBuildFile; fileRef = FA492C511A0CB1A50030FE27 /* LTSlidingViewController.m */; };
		FA492C6C1A0CB1A50030FE27 /* LTSlidingViewCoverflowTransition.m in Sources */ = {isa = PBXBuildFile; fileRef = FA492C531A0CB1A50030FE27 /* LTSlidingViewCoverflowTransition.m */; };
		FA492C6D1A0CB1A50030FE27 /* LTSlidingViewZoomTransition.m in Sources */ = {isa = PBXBuildFile; fileRef = FA492C551A0CB1A50030FE27 /* LTSlidingViewZoomTransition.m */; };
		FA492C6E1A0CB1A50030FE27 /* Settings.m in Sources */ = {isa = PBXBuildFile; fileRef = FA492C571A0CB1A50030FE27 /* Settings.m */; };
		FA492C6F1A0CB1A50030FE27 /* TodoAreaView.m in Sources */ = {isa = PBXBuildFile; fileRef = FA492C591A0CB1A50030FE27 /* TodoAreaView.m */; };
		FA492C701A0CB1A50030FE27 /* TodoAreaView.xib in Resources */ = {isa = PBXBuildFile; fileRef = FA492C5A1A0CB1A50030FE27 /* TodoAreaView.xib */; };
		FA492C711A0CB1A50030FE27 /* TodoCell.m in Sources */ = {isa = PBXBuildFile; fileRef = FA492C5C1A0CB1A50030FE27 /* TodoCell.m */; };
		FA492C721A0CB1A50030FE27 /* TodoListViewController.m in Sources */ = {isa = PBXBuildFile; fileRef = FA492C5E1A0CB1A50030FE27 /* TodoListViewController.m */; };
		FA492C731A0CB1A50030FE27 /* TodoListViewTransition.m in Sources */ = {isa = PBXBuildFile; fileRef = FA492C601A0CB1A50030FE27 /* TodoListViewTransition.m */; };
		FA492C741A0CB1A50030FE27 /* TodoService.m in Sources */ = {isa = PBXBuildFile; fileRef = FA492C621A0CB1A50030FE27 /* TodoService.m */; };
		FA492C751A0CB1A50030FE27 /* TodoTypeLabel.m in Sources */ = {isa = PBXBuildFile; fileRef = FA492C641A0CB1A50030FE27 /* TodoTypeLabel.m */; };
		FA492C761A0CB1A50030FE27 /* ViewController.m in Sources */ = {isa = PBXBuildFile; fileRef = FA492C661A0CB1A50030FE27 /* ViewController.m */; };
		FA492C7D1A0CB5570030FE27 /* LaunchScreen.xib in Resources */ = {isa = PBXBuildFile; fileRef = FA492C7B1A0CB5570030FE27 /* LaunchScreen.xib */; };
		FA492C7E1A0CB5570030FE27 /* Main.storyboard in Resources */ = {isa = PBXBuildFile; fileRef = FA492C7C1A0CB5570030FE27 /* Main.storyboard */; };
		FAF652621A0CBF9C00CB0DCA /* LTBounceSheet.m in Sources */ = {isa = PBXBuildFile; fileRef = FAF652611A0CBF9C00CB0DCA /* LTBounceSheet.m */; };
/* End PBXBuildFile section */

/* Begin PBXContainerItemProxy section */
		FA492C391A0CB1890030FE27 /* PBXContainerItemProxy */ = {
			isa = PBXContainerItemProxy;
			containerPortal = FA492C171A0CB1890030FE27 /* Project object */;
			proxyType = 1;
			remoteGlobalIDString = FA492C1E1A0CB1890030FE27;
			remoteInfo = Todo;
		};
/* End PBXContainerItemProxy section */

/* Begin PBXFileReference section */
		4926D17D1A0DD634008F68A9 /* CommonUtils.h */ = {isa = PBXFileReference; fileEncoding = 4; lastKnownFileType = sourcecode.c.h; path = CommonUtils.h; sourceTree = "<group>"; };
		4926D17E1A0DD635008F68A9 /* CommonUtils.m */ = {isa = PBXFileReference; fileEncoding = 4; lastKnownFileType = sourcecode.c.objc; path = CommonUtils.m; sourceTree = "<group>"; };
		4926D1801A0E09EB008F68A9 /* BVReorderTableView.h */ = {isa = PBXFileReference; fileEncoding = 4; lastKnownFileType = sourcecode.c.h; path = BVReorderTableView.h; sourceTree = "<group>"; };
		4926D1811A0E09EB008F68A9 /* BVReorderTableView.m */ = {isa = PBXFileReference; fileEncoding = 4; lastKnownFileType = sourcecode.c.objc; path = BVReorderTableView.m; sourceTree = "<group>"; };
		49379F091A0F090600B23293 /* LTSwipeTableViewCell.h */ = {isa = PBXFileReference; fileEncoding = 4; lastKnownFileType = sourcecode.c.h; path = LTSwipeTableViewCell.h; sourceTree = "<group>"; };
		49379F0A1A0F090600B23293 /* LTSwipeTableViewCell.m */ = {isa = PBXFileReference; fileEncoding = 4; lastKnownFileType = sourcecode.c.objc; path = LTSwipeTableViewCell.m; sourceTree = "<group>"; };
		49CA93AD1A0CE9020069BABB /* TodoInputView.h */ = {isa = PBXFileReference; fileEncoding = 4; lastKnownFileType = sourcecode.c.h; path = TodoInputView.h; sourceTree = "<group>"; };
		49CA93AE1A0CE9020069BABB /* TodoInputView.m */ = {isa = PBXFileReference; fileEncoding = 4; lastKnownFileType = sourcecode.c.objc; path = TodoInputView.m; sourceTree = "<group>"; };
		49CA93B01A0CE91D0069BABB /* TodoInputView.xib */ = {isa = PBXFileReference; fileEncoding = 4; lastKnownFileType = file.xib; path = TodoInputView.xib; sourceTree = "<group>"; };
		FA171B721A109919000DF159 /* SettingsViewController.h */ = {isa = PBXFileReference; fileEncoding = 4; lastKnownFileType = sourcecode.c.h; path = SettingsViewController.h; sourceTree = "<group>"; };
		FA171B731A109919000DF159 /* SettingsViewController.m */ = {isa = PBXFileReference; fileEncoding = 4; lastKnownFileType = sourcecode.c.objc; path = SettingsViewController.m; sourceTree = "<group>"; };
		FA492C1F1A0CB1890030FE27 /* Todotrix.app */ = {isa = PBXFileReference; explicitFileType = wrapper.application; includeInIndex = 0; path = Todotrix.app; sourceTree = BUILT_PRODUCTS_DIR; };
		FA492C231A0CB1890030FE27 /* Info.plist */ = {isa = PBXFileReference; lastKnownFileType = text.plist.xml; path = Info.plist; sourceTree = "<group>"; };
		FA492C241A0CB1890030FE27 /* main.m */ = {isa = PBXFileReference; lastKnownFileType = sourcecode.c.objc; path = main.m; sourceTree = "<group>"; };
		FA492C2F1A0CB1890030FE27 /* Images.xcassets */ = {isa = PBXFileReference; lastKnownFileType = folder.assetcatalog; path = Images.xcassets; sourceTree = "<group>"; };
		FA492C381A0CB1890030FE27 /* TodoTests.xctest */ = {isa = PBXFileReference; explicitFileType = wrapper.cfbundle; includeInIndex = 0; path = TodoTests.xctest; sourceTree = BUILT_PRODUCTS_DIR; };
		FA492C3D1A0CB1890030FE27 /* Info.plist */ = {isa = PBXFileReference; lastKnownFileType = text.plist.xml; path = Info.plist; sourceTree = "<group>"; };
		FA492C3E1A0CB1890030FE27 /* TodoTests.m */ = {isa = PBXFileReference; lastKnownFileType = sourcecode.c.objc; path = TodoTests.m; sourceTree = "<group>"; };
		FA492C481A0CB1A50030FE27 /* AppDelegate.h */ = {isa = PBXFileReference; fileEncoding = 4; lastKnownFileType = sourcecode.c.h; path = AppDelegate.h; sourceTree = "<group>"; };
		FA492C491A0CB1A50030FE27 /* AppDelegate.m */ = {isa = PBXFileReference; fileEncoding = 4; lastKnownFileType = sourcecode.c.objc; path = AppDelegate.m; sourceTree = "<group>"; };
		FA492C4A1A0CB1A50030FE27 /* BootstrapViewController.h */ = {isa = PBXFileReference; fileEncoding = 4; lastKnownFileType = sourcecode.c.h; path = BootstrapViewController.h; sourceTree = "<group>"; };
		FA492C4B1A0CB1A50030FE27 /* BootstrapViewController.m */ = {isa = PBXFileReference; fileEncoding = 4; lastKnownFileType = sourcecode.c.objc; path = BootstrapViewController.m; sourceTree = "<group>"; };
		FA492C4C1A0CB1A50030FE27 /* LTPopButton.h */ = {isa = PBXFileReference; fileEncoding = 4; lastKnownFileType = sourcecode.c.h; path = LTPopButton.h; sourceTree = "<group>"; };
		FA492C4D1A0CB1A50030FE27 /* LTPopButton.m */ = {isa = PBXFileReference; fileEncoding = 4; lastKnownFileType = sourcecode.c.objc; path = LTPopButton.m; sourceTree = "<group>"; };
		FA492C4E1A0CB1A50030FE27 /* LTSlidingView.h */ = {isa = PBXFileReference; fileEncoding = 4; lastKnownFileType = sourcecode.c.h; path = LTSlidingView.h; sourceTree = "<group>"; };
		FA492C4F1A0CB1A50030FE27 /* LTSlidingView.m */ = {isa = PBXFileReference; fileEncoding = 4; lastKnownFileType = sourcecode.c.objc; path = LTSlidingView.m; sourceTree = "<group>"; };
		FA492C501A0CB1A50030FE27 /* LTSlidingViewController.h */ = {isa = PBXFileReference; fileEncoding = 4; lastKnownFileType = sourcecode.c.h; path = LTSlidingViewController.h; sourceTree = "<group>"; };
		FA492C511A0CB1A50030FE27 /* LTSlidingViewController.m */ = {isa = PBXFileReference; fileEncoding = 4; lastKnownFileType = sourcecode.c.objc; path = LTSlidingViewController.m; sourceTree = "<group>"; };
		FA492C521A0CB1A50030FE27 /* LTSlidingViewCoverflowTransition.h */ = {isa = PBXFileReference; fileEncoding = 4; lastKnownFileType = sourcecode.c.h; path = LTSlidingViewCoverflowTransition.h; sourceTree = "<group>"; };
		FA492C531A0CB1A50030FE27 /* LTSlidingViewCoverflowTransition.m */ = {isa = PBXFileReference; fileEncoding = 4; lastKnownFileType = sourcecode.c.objc; path = LTSlidingViewCoverflowTransition.m; sourceTree = "<group>"; };
		FA492C541A0CB1A50030FE27 /* LTSlidingViewZoomTransition.h */ = {isa = PBXFileReference; fileEncoding = 4; lastKnownFileType = sourcecode.c.h; path = LTSlidingViewZoomTransition.h; sourceTree = "<group>"; };
		FA492C551A0CB1A50030FE27 /* LTSlidingViewZoomTransition.m */ = {isa = PBXFileReference; fileEncoding = 4; lastKnownFileType = sourcecode.c.objc; path = LTSlidingViewZoomTransition.m; sourceTree = "<group>"; };
		FA492C561A0CB1A50030FE27 /* Settings.h */ = {isa = PBXFileReference; fileEncoding = 4; lastKnownFileType = sourcecode.c.h; path = Settings.h; sourceTree = "<group>"; };
		FA492C571A0CB1A50030FE27 /* Settings.m */ = {isa = PBXFileReference; fileEncoding = 4; lastKnownFileType = sourcecode.c.objc; path = Settings.m; sourceTree = "<group>"; };
		FA492C581A0CB1A50030FE27 /* TodoAreaView.h */ = {isa = PBXFileReference; fileEncoding = 4; lastKnownFileType = sourcecode.c.h; path = TodoAreaView.h; sourceTree = "<group>"; };
		FA492C591A0CB1A50030FE27 /* TodoAreaView.m */ = {isa = PBXFileReference; fileEncoding = 4; lastKnownFileType = sourcecode.c.objc; path = TodoAreaView.m; sourceTree = "<group>"; };
		FA492C5A1A0CB1A50030FE27 /* TodoAreaView.xib */ = {isa = PBXFileReference; fileEncoding = 4; lastKnownFileType = file.xib; path = TodoAreaView.xib; sourceTree = "<group>"; };
		FA492C5B1A0CB1A50030FE27 /* TodoCell.h */ = {isa = PBXFileReference; fileEncoding = 4; lastKnownFileType = sourcecode.c.h; path = TodoCell.h; sourceTree = "<group>"; };
		FA492C5C1A0CB1A50030FE27 /* TodoCell.m */ = {isa = PBXFileReference; fileEncoding = 4; lastKnownFileType = sourcecode.c.objc; path = TodoCell.m; sourceTree = "<group>"; };
		FA492C5D1A0CB1A50030FE27 /* TodoListViewController.h */ = {isa = PBXFileReference; fileEncoding = 4; lastKnownFileType = sourcecode.c.h; path = TodoListViewController.h; sourceTree = "<group>"; };
		FA492C5E1A0CB1A50030FE27 /* TodoListViewController.m */ = {isa = PBXFileReference; fileEncoding = 4; lastKnownFileType = sourcecode.c.objc; path = TodoListViewController.m; sourceTree = "<group>"; };
		FA492C5F1A0CB1A50030FE27 /* TodoListViewTransition.h */ = {isa = PBXFileReference; fileEncoding = 4; lastKnownFileType = sourcecode.c.h; path = TodoListViewTransition.h; sourceTree = "<group>"; };
		FA492C601A0CB1A50030FE27 /* TodoListViewTransition.m */ = {isa = PBXFileReference; fileEncoding = 4; lastKnownFileType = sourcecode.c.objc; path = TodoListViewTransition.m; sourceTree = "<group>"; };
		FA492C611A0CB1A50030FE27 /* TodoService.h */ = {isa = PBXFileReference; fileEncoding = 4; lastKnownFileType = sourcecode.c.h; path = TodoService.h; sourceTree = "<group>"; };
		FA492C621A0CB1A50030FE27 /* TodoService.m */ = {isa = PBXFileReference; fileEncoding = 4; lastKnownFileType = sourcecode.c.objc; path = TodoService.m; sourceTree = "<group>"; };
		FA492C631A0CB1A50030FE27 /* TodoTypeLabel.h */ = {isa = PBXFileReference; fileEncoding = 4; lastKnownFileType = sourcecode.c.h; path = TodoTypeLabel.h; sourceTree = "<group>"; };
		FA492C641A0CB1A50030FE27 /* TodoTypeLabel.m */ = {isa = PBXFileReference; fileEncoding = 4; lastKnownFileType = sourcecode.c.objc; path = TodoTypeLabel.m; sourceTree = "<group>"; };
		FA492C651A0CB1A50030FE27 /* ViewController.h */ = {isa = PBXFileReference; fileEncoding = 4; lastKnownFileType = sourcecode.c.h; path = ViewController.h; sourceTree = "<group>"; };
		FA492C661A0CB1A50030FE27 /* ViewController.m */ = {isa = PBXFileReference; fileEncoding = 4; lastKnownFileType = sourcecode.c.objc; path = ViewController.m; sourceTree = "<group>"; };
		FA492C7B1A0CB5570030FE27 /* LaunchScreen.xib */ = {isa = PBXFileReference; fileEncoding = 4; lastKnownFileType = file.xib; path = LaunchScreen.xib; sourceTree = "<group>"; };
		FA492C7C1A0CB5570030FE27 /* Main.storyboard */ = {isa = PBXFileReference; fileEncoding = 4; lastKnownFileType = file.storyboard; path = Main.storyboard; sourceTree = "<group>"; };
		FAF652601A0CBF9B00CB0DCA /* LTBounceSheet.h */ = {isa = PBXFileReference; fileEncoding = 4; lastKnownFileType = sourcecode.c.h; path = LTBounceSheet.h; sourceTree = "<group>"; };
		FAF652611A0CBF9C00CB0DCA /* LTBounceSheet.m */ = {isa = PBXFileReference; fileEncoding = 4; lastKnownFileType = sourcecode.c.objc; path = LTBounceSheet.m; sourceTree = "<group>"; };
/* End PBXFileReference section */

/* Begin PBXFrameworksBuildPhase section */
		FA492C1C1A0CB1890030FE27 /* Frameworks */ = {
			isa = PBXFrameworksBuildPhase;
			buildActionMask = 2147483647;
			files = (
			);
			runOnlyForDeploymentPostprocessing = 0;
		};
		FA492C351A0CB1890030FE27 /* Frameworks */ = {
			isa = PBXFrameworksBuildPhase;
			buildActionMask = 2147483647;
			files = (
			);
			runOnlyForDeploymentPostprocessing = 0;
		};
/* End PBXFrameworksBuildPhase section */

/* Begin PBXGroup section */
		4926D17C1A0DD61A008F68A9 /* utils */ = {
			isa = PBXGroup;
			children = (
				4926D17D1A0DD634008F68A9 /* CommonUtils.h */,
				4926D17E1A0DD635008F68A9 /* CommonUtils.m */,
			);
			name = utils;
			sourceTree = "<group>";
		};
		FA492C161A0CB1890030FE27 = {
			isa = PBXGroup;
			children = (
				FA492C211A0CB1890030FE27 /* Todo */,
				FA492C3B1A0CB1890030FE27 /* TodoTests */,
				FA492C201A0CB1890030FE27 /* Products */,
			);
			sourceTree = "<group>";
		};
		FA492C201A0CB1890030FE27 /* Products */ = {
			isa = PBXGroup;
			children = (
				FA492C1F1A0CB1890030FE27 /* Todotrix.app */,
				FA492C381A0CB1890030FE27 /* TodoTests.xctest */,
			);
			name = Products;
			sourceTree = "<group>";
		};
		FA492C211A0CB1890030FE27 /* Todo */ = {
			isa = PBXGroup;
			children = (
				4926D17C1A0DD61A008F68A9 /* utils */,
				FAF652271A0CB97100CB0DCA /* model */,
				FA492C771A0CB1C00030FE27 /* lib */,
				FA492C781A0CB1C50030FE27 /* component */,
				FA492C791A0CB1EB0030FE27 /* service */,
				FA492C481A0CB1A50030FE27 /* AppDelegate.h */,
				FA492C491A0CB1A50030FE27 /* AppDelegate.m */,
				FA492C4A1A0CB1A50030FE27 /* BootstrapViewController.h */,
				FA492C4B1A0CB1A50030FE27 /* BootstrapViewController.m */,
				FA492C5D1A0CB1A50030FE27 /* TodoListViewController.h */,
				FA492C5E1A0CB1A50030FE27 /* TodoListViewController.m */,
				FA492C5F1A0CB1A50030FE27 /* TodoListViewTransition.h */,
				FA492C601A0CB1A50030FE27 /* TodoListViewTransition.m */,
				FA492C651A0CB1A50030FE27 /* ViewController.h */,
				FA492C661A0CB1A50030FE27 /* ViewController.m */,
				FA171B721A109919000DF159 /* SettingsViewController.h */,
				FA171B731A109919000DF159 /* SettingsViewController.m */,
				FA492C7B1A0CB5570030FE27 /* LaunchScreen.xib */,
				FA492C7C1A0CB5570030FE27 /* Main.storyboard */,
				FA492C2F1A0CB1890030FE27 /* Images.xcassets */,
				FA492C221A0CB1890030FE27 /* Supporting Files */,
			);
			path = Todo;
			sourceTree = "<group>";
		};
		FA492C221A0CB1890030FE27 /* Supporting Files */ = {
			isa = PBXGroup;
			children = (
				FA492C231A0CB1890030FE27 /* Info.plist */,
				FA492C241A0CB1890030FE27 /* main.m */,
			);
			name = "Supporting Files";
			sourceTree = "<group>";
		};
		FA492C3B1A0CB1890030FE27 /* TodoTests */ = {
			isa = PBXGroup;
			children = (
				FA492C3E1A0CB1890030FE27 /* TodoTests.m */,
				FA492C3C1A0CB1890030FE27 /* Supporting Files */,
			);
			path = TodoTests;
			sourceTree = "<group>";
		};
		FA492C3C1A0CB1890030FE27 /* Supporting Files */ = {
			isa = PBXGroup;
			children = (
				FA492C3D1A0CB1890030FE27 /* Info.plist */,
			);
			name = "Supporting Files";
			sourceTree = "<group>";
		};
		FA492C771A0CB1C00030FE27 /* lib */ = {
			isa = PBXGroup;
			children = (
				49379F091A0F090600B23293 /* LTSwipeTableViewCell.h */,
				49379F0A1A0F090600B23293 /* LTSwipeTableViewCell.m */,
				4926D1801A0E09EB008F68A9 /* BVReorderTableView.h */,
				4926D1811A0E09EB008F68A9 /* BVReorderTableView.m */,
				FAF652601A0CBF9B00CB0DCA /* LTBounceSheet.h */,
				FAF652611A0CBF9C00CB0DCA /* LTBounceSheet.m */,
				FA492C4C1A0CB1A50030FE27 /* LTPopButton.h */,
				FA492C4D1A0CB1A50030FE27 /* LTPopButton.m */,
				FA492C4E1A0CB1A50030FE27 /* LTSlidingView.h */,
				FA492C4F1A0CB1A50030FE27 /* LTSlidingView.m */,
				FA492C501A0CB1A50030FE27 /* LTSlidingViewController.h */,
				FA492C511A0CB1A50030FE27 /* LTSlidingViewController.m */,
				FA492C521A0CB1A50030FE27 /* LTSlidingViewCoverflowTransition.h */,
				FA492C531A0CB1A50030FE27 /* LTSlidingViewCoverflowTransition.m */,
				FA492C541A0CB1A50030FE27 /* LTSlidingViewZoomTransition.h */,
				FA492C551A0CB1A50030FE27 /* LTSlidingViewZoomTransition.m */,
			);
			name = lib;
			sourceTree = "<group>";
		};
		FA492C781A0CB1C50030FE27 /* component */ = {
			isa = PBXGroup;
			children = (
				FA492C581A0CB1A50030FE27 /* TodoAreaView.h */,
				FA492C591A0CB1A50030FE27 /* TodoAreaView.m */,
				FA492C5A1A0CB1A50030FE27 /* TodoAreaView.xib */,
				FA492C5B1A0CB1A50030FE27 /* TodoCell.h */,
				FA492C5C1A0CB1A50030FE27 /* TodoCell.m */,
				FA492C631A0CB1A50030FE27 /* TodoTypeLabel.h */,
				FA492C641A0CB1A50030FE27 /* TodoTypeLabel.m */,
				49CA93AD1A0CE9020069BABB /* TodoInputView.h */,
				49CA93AE1A0CE9020069BABB /* TodoInputView.m */,
				49CA93B01A0CE91D0069BABB /* TodoInputView.xib */,
			);
			name = component;
			sourceTree = "<group>";
		};
		FA492C791A0CB1EB0030FE27 /* service */ = {
			isa = PBXGroup;
			children = (
				FA492C561A0CB1A50030FE27 /* Settings.h */,
				FA492C571A0CB1A50030FE27 /* Settings.m */,
				FA492C611A0CB1A50030FE27 /* TodoService.h */,
				FA492C621A0CB1A50030FE27 /* TodoService.m */,
			);
			name = service;
			sourceTree = "<group>";
		};
		FAF652271A0CB97100CB0DCA /* model */ = {
			isa = PBXGroup;
			children = (
			);
			name = model;
			sourceTree = "<group>";
		};
/* End PBXGroup section */

/* Begin PBXNativeTarget section */
		FA492C1E1A0CB1890030FE27 /* Todo */ = {
			isa = PBXNativeTarget;
			buildConfigurationList = FA492C421A0CB1890030FE27 /* Build configuration list for PBXNativeTarget "Todo" */;
			buildPhases = (
				FA492C1B1A0CB1890030FE27 /* Sources */,
				FA492C1C1A0CB1890030FE27 /* Frameworks */,
				FA492C1D1A0CB1890030FE27 /* Resources */,
			);
			buildRules = (
			);
			dependencies = (
			);
			name = Todo;
			productName = Todo;
			productReference = FA492C1F1A0CB1890030FE27 /* Todotrix.app */;
			productType = "com.apple.product-type.application";
		};
		FA492C371A0CB1890030FE27 /* TodoTests */ = {
			isa = PBXNativeTarget;
			buildConfigurationList = FA492C451A0CB1890030FE27 /* Build configuration list for PBXNativeTarget "TodoTests" */;
			buildPhases = (
				FA492C341A0CB1890030FE27 /* Sources */,
				FA492C351A0CB1890030FE27 /* Frameworks */,
				FA492C361A0CB1890030FE27 /* Resources */,
			);
			buildRules = (
			);
			dependencies = (
				FA492C3A1A0CB1890030FE27 /* PBXTargetDependency */,
			);
			name = TodoTests;
			productName = TodoTests;
			productReference = FA492C381A0CB1890030FE27 /* TodoTests.xctest */;
			productType = "com.apple.product-type.bundle.unit-test";
		};
/* End PBXNativeTarget section */

/* Begin PBXProject section */
		FA492C171A0CB1890030FE27 /* Project object */ = {
			isa = PBXProject;
			attributes = {
				LastUpgradeCheck = 0610;
				ORGANIZATIONNAME = ltebean;
				TargetAttributes = {
					FA492C1E1A0CB1890030FE27 = {
						CreatedOnToolsVersion = 6.1;
						DevelopmentTeam = LUAG5Z5ST3;
					};
					FA492C371A0CB1890030FE27 = {
						CreatedOnToolsVersion = 6.1;
						TestTargetID = FA492C1E1A0CB1890030FE27;
					};
				};
			};
			buildConfigurationList = FA492C1A1A0CB1890030FE27 /* Build configuration list for PBXProject "Todo" */;
			compatibilityVersion = "Xcode 3.2";
			developmentRegion = English;
			hasScannedForEncodings = 0;
			knownRegions = (
				en,
				Base,
			);
			mainGroup = FA492C161A0CB1890030FE27;
			productRefGroup = FA492C201A0CB1890030FE27 /* Products */;
			projectDirPath = "";
			projectRoot = "";
			targets = (
				FA492C1E1A0CB1890030FE27 /* Todo */,
				FA492C371A0CB1890030FE27 /* TodoTests */,
			);
		};
/* End PBXProject section */

/* Begin PBXResourcesBuildPhase section */
		FA492C1D1A0CB1890030FE27 /* Resources */ = {
			isa = PBXResourcesBuildPhase;
			buildActionMask = 2147483647;
			files = (
				49CA93B11A0CE91D0069BABB /* TodoInputView.xib in Resources */,
				FA492C301A0CB1890030FE27 /* Images.xcassets in Resources */,
				FA492C7D1A0CB5570030FE27 /* LaunchScreen.xib in Resources */,
				FA492C701A0CB1A50030FE27 /* TodoAreaView.xib in Resources */,
				FA492C7E1A0CB5570030FE27 /* Main.storyboard in Resources */,
			);
			runOnlyForDeploymentPostprocessing = 0;
		};
		FA492C361A0CB1890030FE27 /* Resources */ = {
			isa = PBXResourcesBuildPhase;
			buildActionMask = 2147483647;
			files = (
			);
			runOnlyForDeploymentPostprocessing = 0;
		};
/* End PBXResourcesBuildPhase section */

/* Begin PBXSourcesBuildPhase section */
		FA492C1B1A0CB1890030FE27 /* Sources */ = {
			isa = PBXSourcesBuildPhase;
			buildActionMask = 2147483647;
			files = (
				FA492C681A0CB1A50030FE27 /* BootstrapViewController.m in Sources */,
				FA492C671A0CB1A50030FE27 /* AppDelegate.m in Sources */,
				FA492C6E1A0CB1A50030FE27 /* Settings.m in Sources */,
				FA492C251A0CB1890030FE27 /* main.m in Sources */,
				FA492C6C1A0CB1A50030FE27 /* LTSlidingViewCoverflowTransition.m in Sources */,
				49379F0B1A0F090600B23293 /* LTSwipeTableViewCell.m in Sources */,
				4926D1821A0E09EB008F68A9 /* BVReorderTableView.m in Sources */,
				4926D17F1A0DD635008F68A9 /* CommonUtils.m in Sources */,
				FA492C6F1A0CB1A50030FE27 /* TodoAreaView.m in Sources */,
				FAF652621A0CBF9C00CB0DCA /* LTBounceSheet.m in Sources */,
				FA492C6B1A0CB1A50030FE27 /* LTSlidingViewController.m in Sources */,
				FA492C6D1A0CB1A50030FE27 /* LTSlidingViewZoomTransition.m in Sources */,
				49CA93AF1A0CE9020069BABB /* TodoInputView.m in Sources */,
				FA492C721A0CB1A50030FE27 /* TodoListViewController.m in Sources */,
				FA492C731A0CB1A50030FE27 /* TodoListViewTransition.m in Sources */,
				FA492C761A0CB1A50030FE27 /* ViewController.m in Sources */,
				FA492C6A1A0CB1A50030FE27 /* LTSlidingView.m in Sources */,
				FA492C741A0CB1A50030FE27 /* TodoService.m in Sources */,
				FA492C751A0CB1A50030FE27 /* TodoTypeLabel.m in Sources */,
				FA171B741A109919000DF159 /* SettingsViewController.m in Sources */,
				FA492C691A0CB1A50030FE27 /* LTPopButton.m in Sources */,
				FA492C711A0CB1A50030FE27 /* TodoCell.m in Sources */,
			);
			runOnlyForDeploymentPostprocessing = 0;
		};
		FA492C341A0CB1890030FE27 /* Sources */ = {
			isa = PBXSourcesBuildPhase;
			buildActionMask = 2147483647;
			files = (
				FA492C3F1A0CB1890030FE27 /* TodoTests.m in Sources */,
			);
			runOnlyForDeploymentPostprocessing = 0;
		};
/* End PBXSourcesBuildPhase section */

/* Begin PBXTargetDependency section */
		FA492C3A1A0CB1890030FE27 /* PBXTargetDependency */ = {
			isa = PBXTargetDependency;
			target = FA492C1E1A0CB1890030FE27 /* Todo */;
			targetProxy = FA492C391A0CB1890030FE27 /* PBXContainerItemProxy */;
		};
/* End PBXTargetDependency section */

/* Begin XCBuildConfiguration section */
		FA492C401A0CB1890030FE27 /* Debug */ = {
			isa = XCBuildConfiguration;
			buildSettings = {
				ALWAYS_SEARCH_USER_PATHS = NO;
				CLANG_CXX_LANGUAGE_STANDARD = "gnu++0x";
				CLANG_CXX_LIBRARY = "libc++";
				CLANG_ENABLE_MODULES = YES;
				CLANG_ENABLE_OBJC_ARC = YES;
				CLANG_WARN_BOOL_CONVERSION = YES;
				CLANG_WARN_CONSTANT_CONVERSION = YES;
				CLANG_WARN_DIRECT_OBJC_ISA_USAGE = YES_ERROR;
				CLANG_WARN_EMPTY_BODY = YES;
				CLANG_WARN_ENUM_CONVERSION = YES;
				CLANG_WARN_INT_CONVERSION = YES;
				CLANG_WARN_OBJC_ROOT_CLASS = YES_ERROR;
				CLANG_WARN_UNREACHABLE_CODE = YES;
				CLANG_WARN__DUPLICATE_METHOD_MATCH = YES;
				CODE_SIGN_IDENTITY = "iPhone Developer";
				"CODE_SIGN_IDENTITY[sdk=iphoneos*]" = "iPhone Developer";
				COPY_PHASE_STRIP = NO;
				ENABLE_STRICT_OBJC_MSGSEND = YES;
				GCC_C_LANGUAGE_STANDARD = gnu99;
				GCC_DYNAMIC_NO_PIC = NO;
				GCC_OPTIMIZATION_LEVEL = 0;
				GCC_PREPROCESSOR_DEFINITIONS = (
					"DEBUG=1",
					"$(inherited)",
				);
				GCC_SYMBOLS_PRIVATE_EXTERN = NO;
				GCC_WARN_64_TO_32_BIT_CONVERSION = YES;
				GCC_WARN_ABOUT_RETURN_TYPE = YES_ERROR;
				GCC_WARN_UNDECLARED_SELECTOR = YES;
				GCC_WARN_UNINITIALIZED_AUTOS = YES_AGGRESSIVE;
				GCC_WARN_UNUSED_FUNCTION = YES;
				GCC_WARN_UNUSED_VARIABLE = YES;
				IPHONEOS_DEPLOYMENT_TARGET = 8.1;
				MTL_ENABLE_DEBUG_INFO = YES;
				ONLY_ACTIVE_ARCH = YES;
				PROVISIONING_PROFILE = "";
				SDKROOT = iphoneos;
			};
			name = Debug;
		};
		FA492C411A0CB1890030FE27 /* Release */ = {
			isa = XCBuildConfiguration;
			buildSettings = {
				ALWAYS_SEARCH_USER_PATHS = NO;
				CLANG_CXX_LANGUAGE_STANDARD = "gnu++0x";
				CLANG_CXX_LIBRARY = "libc++";
				CLANG_ENABLE_MODULES = YES;
				CLANG_ENABLE_OBJC_ARC = YES;
				CLANG_WARN_BOOL_CONVERSION = YES;
				CLANG_WARN_CONSTANT_CONVERSION = YES;
				CLANG_WARN_DIRECT_OBJC_ISA_USAGE = YES_ERROR;
				CLANG_WARN_EMPTY_BODY = YES;
				CLANG_WARN_ENUM_CONVERSION = YES;
				CLANG_WARN_INT_CONVERSION = YES;
				CLANG_WARN_OBJC_ROOT_CLASS = YES_ERROR;
				CLANG_WARN_UNREACHABLE_CODE = YES;
				CLANG_WARN__DUPLICATE_METHOD_MATCH = YES;
				CODE_SIGN_IDENTITY = "iPhone Developer";
				"CODE_SIGN_IDENTITY[sdk=iphoneos*]" = "iPhone Developer";
				COPY_PHASE_STRIP = YES;
				ENABLE_NS_ASSERTIONS = NO;
				ENABLE_STRICT_OBJC_MSGSEND = YES;
				GCC_C_LANGUAGE_STANDARD = gnu99;
				GCC_WARN_64_TO_32_BIT_CONVERSION = YES;
				GCC_WARN_ABOUT_RETURN_TYPE = YES_ERROR;
				GCC_WARN_UNDECLARED_SELECTOR = YES;
				GCC_WARN_UNINITIALIZED_AUTOS = YES_AGGRESSIVE;
				GCC_WARN_UNUSED_FUNCTION = YES;
				GCC_WARN_UNUSED_VARIABLE = YES;
				IPHONEOS_DEPLOYMENT_TARGET = 8.1;
				MTL_ENABLE_DEBUG_INFO = NO;
				PROVISIONING_PROFILE = "";
				SDKROOT = iphoneos;
				VALIDATE_PRODUCT = YES;
			};
			name = Release;
		};
		FA492C431A0CB1890030FE27 /* Debug */ = {
			isa = XCBuildConfiguration;
			buildSettings = {
				ASSETCATALOG_COMPILER_APPICON_NAME = AppIcon;
				CODE_SIGN_IDENTITY = "iPhone Developer";
				"CODE_SIGN_IDENTITY[sdk=iphoneos*]" = "iPhone Developer";
				INFOPLIST_FILE = Todo/Info.plist;
				IPHONEOS_DEPLOYMENT_TARGET = 8.0;
				LD_RUNPATH_SEARCH_PATHS = "$(inherited) @executable_path/Frameworks";
				PRODUCT_NAME = Todotrix;
				PROVISIONING_PROFILE = "";
			};
			name = Debug;
		};
		FA492C441A0CB1890030FE27 /* Release */ = {
			isa = XCBuildConfiguration;
			buildSettings = {
				ASSETCATALOG_COMPILER_APPICON_NAME = AppIcon;
				CODE_SIGN_IDENTITY = "iPhone Developer";
				"CODE_SIGN_IDENTITY[sdk=iphoneos*]" = "iPhone Developer";
				INFOPLIST_FILE = Todo/Info.plist;
				IPHONEOS_DEPLOYMENT_TARGET = 8.0;
				LD_RUNPATH_SEARCH_PATHS = "$(inherited) @executable_path/Frameworks";
				PRODUCT_NAME = Todotrix;
				PROVISIONING_PROFILE = "";
			};
			name = Release;
		};
		FA492C461A0CB1890030FE27 /* Debug */ = {
			isa = XCBuildConfiguration;
			buildSettings = {
				BUNDLE_LOADER = "$(TEST_HOST)";
				FRAMEWORK_SEARCH_PATHS = (
					"$(SDKROOT)/Developer/Library/Frameworks",
					"$(inherited)",
				);
				GCC_PREPROCESSOR_DEFINITIONS = (
					"DEBUG=1",
					"$(inherited)",
				);
				INFOPLIST_FILE = TodoTests/Info.plist;
				LD_RUNPATH_SEARCH_PATHS = "$(inherited) @executable_path/Frameworks @loader_path/Frameworks";
				PRODUCT_NAME = "$(TARGET_NAME)";
				TEST_HOST = "$(BUILT_PRODUCTS_DIR)/Todo.app/Todo";
			};
			name = Debug;
		};
		FA492C471A0CB1890030FE27 /* Release */ = {
			isa = XCBuildConfiguration;
			buildSettings = {
				BUNDLE_LOADER = "$(TEST_HOST)";
				FRAMEWORK_SEARCH_PATHS = (
					"$(SDKROOT)/Developer/Library/Frameworks",
					"$(inherited)",
				);
				INFOPLIST_FILE = TodoTests/Info.plist;
				LD_RUNPATH_SEARCH_PATHS = "$(inherited) @executable_path/Frameworks @loader_path/Frameworks";
				PRODUCT_NAME = "$(TARGET_NAME)";
				TEST_HOST = "$(BUILT_PRODUCTS_DIR)/Todo.app/Todo";
			};
			name = Release;
		};
/* End XCBuildConfiguration section */

/* Begin XCConfigurationList section */
		FA492C1A1A0CB1890030FE27 /* Build configuration list for PBXProject "Todo" */ = {
			isa = XCConfigurationList;
			buildConfigurations = (
				FA492C401A0CB1890030FE27 /* Debug */,
				FA492C411A0CB1890030FE27 /* Release */,
			);
			defaultConfigurationIsVisible = 0;
			defaultConfigurationName = Release;
		};
		FA492C421A0CB1890030FE27 /* Build configuration list for PBXNativeTarget "Todo" */ = {
			isa = XCConfigurationList;
			buildConfigurations = (
				FA492C431A0CB1890030FE27 /* Debug */,
				FA492C441A0CB1890030FE27 /* Release */,
			);
			defaultConfigurationIsVisible = 0;
			defaultConfigurationName = Release;
		};
		FA492C451A0CB1890030FE27 /* Build configuration list for PBXNativeTarget "TodoTests" */ = {
			isa = XCConfigurationList;
			buildConfigurations = (
				FA492C461A0CB1890030FE27 /* Debug */,
				FA492C471A0CB1890030FE27 /* Release */,
			);
			defaultConfigurationIsVisible = 0;
			defaultConfigurationName = Release;
		};
/* End XCConfigurationList section */
	};
	rootObject = FA492C171A0CB1890030FE27 /* Project object */;
}
